<?xml version="1.0" encoding="utf-8"?>
<Project ToolsVersion="4.0" xmlns="http://schemas.microsoft.com/developer/msbuild/2003">
  <ItemGroup>
    <ClInclude Include="GameEngineCore.h" />
    <ClInclude Include="GameEngineLevel.h">
      <Filter>Object</Filter>
    </ClInclude>
    <ClInclude Include="GameEngineObject.h">
      <Filter>Object</Filter>
    </ClInclude>
    <ClInclude Include="GameEngineActor.h">
      <Filter>Object</Filter>
    </ClInclude>
    <ClInclude Include="GameEngineComponent.h">
      <Filter>Object</Filter>
    </ClInclude>
    <ClInclude Include="GameEngineResource.h">
      <Filter>Resources</Filter>
    </ClInclude>
    <ClInclude Include="GameEngineCamera.h">
      <Filter>Object\Rendering</Filter>
    </ClInclude>
    <ClInclude Include="GameEngineTransform.h">
      <Filter>Object</Filter>
    </ClInclude>
    <ClInclude Include="GameEngineRenderer.h">
      <Filter>Object\Rendering\Component</Filter>
    </ClInclude>
    <ClInclude Include="GameEngineCollision.h">
      <Filter>Object\Collision</Filter>
    </ClInclude>
    <ClInclude Include="GameEngineObjectBase.h">
      <Filter>Object</Filter>
    </ClInclude>
    <ClInclude Include="GameEngineNameObject.h">
      <Filter>Object</Filter>
    </ClInclude>
    <ClInclude Include="GameEngineDevice.h">
      <Filter>Device</Filter>
    </ClInclude>
    <ClInclude Include="PrecompileHeader.h" />
    <ClInclude Include="GameEngineRenderingPipeLine.h">
      <Filter>Object\Rendering\Component</Filter>
    </ClInclude>
    <ClInclude Include="GameEngineShader.h">
      <Filter>Resources\Shader</Filter>
    </ClInclude>
    <ClInclude Include="GameEngineVertexShader.h">
      <Filter>Resources\Shader</Filter>
    </ClInclude>
    <ClInclude Include="GameEnginePixelShader.h">
      <Filter>Resources\Shader</Filter>
    </ClInclude>
    <ClInclude Include="GameEngineEnum.h" />
    <ClInclude Include="GameEngineDirectBuffer.h">
      <Filter>Resources\Buffer</Filter>
    </ClInclude>
    <ClInclude Include="GameEngineIndexBuffer.h">
      <Filter>Resources\Buffer</Filter>
    </ClInclude>
    <ClInclude Include="GameEngineVertexBuffer.h">
      <Filter>Resources\Buffer</Filter>
    </ClInclude>
    <ClInclude Include="GameEngineRenderTarget.h">
      <Filter>Resources\Texture</Filter>
    </ClInclude>
    <ClInclude Include="GameEngineTexture.h">
      <Filter>Resources\Texture</Filter>
    </ClInclude>
    <ClInclude Include="GameEngineMesh.h">
      <Filter>Resources\Mesh</Filter>
    </ClInclude>
    <ClInclude Include="GameEngineVertex.h">
      <Filter>Resources\Mesh</Filter>
    </ClInclude>
    <ClInclude Include="GameEngineInputLayOut.h">
      <Filter>Resources\RenderingSetting</Filter>
    </ClInclude>
    <ClInclude Include="GameEngineRasterizer.h">
      <Filter>Resources\RenderingSetting</Filter>
    </ClInclude>
    <ClInclude Include="GameEngineConstantBuffer.h">
      <Filter>Resources\Buffer</Filter>
    </ClInclude>
    <ClInclude Include="GameEngineShaderResHelper.h">
      <Filter>Object\Rendering\Component</Filter>
    </ClInclude>
    <ClInclude Include="ThirdParty\DirectXTex\inc\DirectXTex.h">
      <Filter>ThirdParty\DirectXTex\Header</Filter>
    </ClInclude>
    <ClInclude Include="GameEngineSampler.h">
      <Filter>Resources\Texture</Filter>
    </ClInclude>
    <ClInclude Include="GameEngineSpriteRenderer.h">
      <Filter>Object\Rendering\Component\2D</Filter>
    </ClInclude>
    <ClInclude Include="GameEngineBlend.h">
      <Filter>Resources\RenderingSetting</Filter>
    </ClInclude>
    <ClInclude Include="GameEngineVideo.h">
      <Filter>Resources\Movie</Filter>
    </ClInclude>
    <ClInclude Include="GameEngineDepthState.h">
      <Filter>Resources\RenderingSetting</Filter>
    </ClInclude>
    <ClInclude Include="imconfig.h">
      <Filter>UI\ImGui</Filter>
    </ClInclude>
    <ClInclude Include="imgui.h">
      <Filter>UI\ImGui</Filter>
    </ClInclude>
    <ClInclude Include="imgui_impl_dx11.h">
      <Filter>UI\ImGui</Filter>
    </ClInclude>
    <ClInclude Include="imgui_impl_win32.h">
      <Filter>UI\ImGui</Filter>
    </ClInclude>
    <ClInclude Include="imgui_internal.h">
      <Filter>UI\ImGui</Filter>
    </ClInclude>
    <ClInclude Include="imstb_rectpack.h">
      <Filter>UI\ImGui</Filter>
    </ClInclude>
    <ClInclude Include="imstb_textedit.h">
      <Filter>UI\ImGui</Filter>
    </ClInclude>
    <ClInclude Include="imstb_truetype.h">
      <Filter>UI\ImGui</Filter>
    </ClInclude>
    <ClInclude Include="GameEngineGUI.h">
      <Filter>UI</Filter>
    </ClInclude>
    <ClInclude Include="GameEngineCoreWindow.h">
      <Filter>UI\SubWindow</Filter>
    </ClInclude>
    <ClInclude Include="GameEngineSprite.h">
      <Filter>Resources\Texture</Filter>
    </ClInclude>
    <ClInclude Include="GameEngineTileMapRenderer.h">
      <Filter>Object\Rendering\Component\2D</Filter>
    </ClInclude>
    <ClInclude Include="GameEngineUIRenderer.h">
      <Filter>Object\Rendering\Component\2D</Filter>
    </ClInclude>
    <ClInclude Include="GameEngineFSM.h">
      <Filter>Content\Patten</Filter>
    </ClInclude>
    <ClInclude Include="GameEngineButton.h">
      <Filter>Content\UI</Filter>
    </ClInclude>
    <ClInclude Include="GameEngineDebug3D.h">
      <Filter>Debug</Filter>
    </ClInclude>
    <ClInclude Include="ThirdParty\FW1Font\Inc\FW1FontWrapper.h">
      <Filter>ThirdParty\Fw1Font\Header</Filter>
    </ClInclude>
    <ClInclude Include="GameEngineFont.h">
      <Filter>Resources\Font</Filter>
    </ClInclude>
    <ClInclude Include="GameEngineFontRenderer.h">
      <Filter>Object\Rendering\Component</Filter>
    </ClInclude>
    <ClInclude Include="BlurEffect.h">
      <Filter>Content\PostEffect</Filter>
    </ClInclude>
    <ClInclude Include="GameEngineFBXMesh.h">
      <Filter>Resources\Mesh</Filter>
    </ClInclude>
    <ClInclude Include="GameEngineFBXAnimation.h">
      <Filter>Resources\Mesh</Filter>
    </ClInclude>
    <ClInclude Include="GameEngineFBX.h">
      <Filter>Resources\Mesh</Filter>
    </ClInclude>
    <ClInclude Include="GameEngineStructuredBuffer.h">
      <Filter>Resources\Buffer</Filter>
    </ClInclude>
    <ClInclude Include="GameEngineFBXRenderer.h">
      <Filter>Object\Rendering\Component</Filter>
    </ClInclude>
    <ClInclude Include="GameEngineMaterial.h">
      <Filter>Object\Rendering\Component</Filter>
    </ClInclude>
    <ClInclude Include="ThirdParty\PhysX_4_1\inc\writer.h">
      <Filter>ThirdParty\PhysX_4_1\Header</Filter>
    </ClInclude>
    <ClInclude Include="ThirdParty\PhysX_4_1\inc\allocator.h">
      <Filter>ThirdParty\PhysX_4_1\Header</Filter>
    </ClInclude>
    <ClInclude Include="ThirdParty\PhysX_4_1\inc\assertions.h">
      <Filter>ThirdParty\PhysX_4_1\Header</Filter>
    </ClInclude>
    <ClInclude Include="ThirdParty\PhysX_4_1\inc\config.h">
      <Filter>ThirdParty\PhysX_4_1\Header</Filter>
    </ClInclude>
    <ClInclude Include="ThirdParty\PhysX_4_1\inc\reader.h">
      <Filter>ThirdParty\PhysX_4_1\Header</Filter>
    </ClInclude>
    <ClInclude Include="ThirdParty\PhysX_4_1\inc\value.h">
      <Filter>ThirdParty\PhysX_4_1\Header</Filter>
    </ClInclude>
    <ClInclude Include="ThirdParty\PhysX_4_1\inc\version.h">
      <Filter>ThirdParty\PhysX_4_1\Header</Filter>
    </ClInclude>
    <ClInclude Include="ThirdParty\PhysX_4_1\inc\PhysX\PxVisualizationParameter.h">
      <Filter>ThirdParty\PhysX_4_1\Header\PhysX_4_1</Filter>
    </ClInclude>
    <ClInclude Include="ThirdParty\PhysX_4_1\inc\PhysX\PxActor.h">
      <Filter>ThirdParty\PhysX_4_1\Header\PhysX_4_1</Filter>
    </ClInclude>
    <ClInclude Include="ThirdParty\PhysX_4_1\inc\PhysX\PxAggregate.h">
      <Filter>ThirdParty\PhysX_4_1\Header\PhysX_4_1</Filter>
    </ClInclude>
    <ClInclude Include="ThirdParty\PhysX_4_1\inc\PhysX\PxArticulation.h">
      <Filter>ThirdParty\PhysX_4_1\Header\PhysX_4_1</Filter>
    </ClInclude>
    <ClInclude Include="ThirdParty\PhysX_4_1\inc\PhysX\PxArticulationBase.h">
      <Filter>ThirdParty\PhysX_4_1\Header\PhysX_4_1</Filter>
    </ClInclude>
    <ClInclude Include="ThirdParty\PhysX_4_1\inc\PhysX\PxArticulationJoint.h">
      <Filter>ThirdParty\PhysX_4_1\Header\PhysX_4_1</Filter>
    </ClInclude>
    <ClInclude Include="ThirdParty\PhysX_4_1\inc\PhysX\PxArticulationJointReducedCoordinate.h">
      <Filter>ThirdParty\PhysX_4_1\Header\PhysX_4_1</Filter>
    </ClInclude>
    <ClInclude Include="ThirdParty\PhysX_4_1\inc\PhysX\PxArticulationLink.h">
      <Filter>ThirdParty\PhysX_4_1\Header\PhysX_4_1</Filter>
    </ClInclude>
    <ClInclude Include="ThirdParty\PhysX_4_1\inc\PhysX\PxArticulationReducedCoordinate.h">
      <Filter>ThirdParty\PhysX_4_1\Header\PhysX_4_1</Filter>
    </ClInclude>
    <ClInclude Include="ThirdParty\PhysX_4_1\inc\PhysX\PxBatchQuery.h">
      <Filter>ThirdParty\PhysX_4_1\Header\PhysX_4_1</Filter>
    </ClInclude>
    <ClInclude Include="ThirdParty\PhysX_4_1\inc\PhysX\PxBatchQueryDesc.h">
      <Filter>ThirdParty\PhysX_4_1\Header\PhysX_4_1</Filter>
    </ClInclude>
    <ClInclude Include="ThirdParty\PhysX_4_1\inc\PhysX\PxBroadPhase.h">
      <Filter>ThirdParty\PhysX_4_1\Header\PhysX_4_1</Filter>
    </ClInclude>
    <ClInclude Include="ThirdParty\PhysX_4_1\inc\PhysX\PxClient.h">
      <Filter>ThirdParty\PhysX_4_1\Header\PhysX_4_1</Filter>
    </ClInclude>
    <ClInclude Include="ThirdParty\PhysX_4_1\inc\PhysX\PxConfig.h">
      <Filter>ThirdParty\PhysX_4_1\Header\PhysX_4_1</Filter>
    </ClInclude>
    <ClInclude Include="ThirdParty\PhysX_4_1\inc\PhysX\PxConstraint.h">
      <Filter>ThirdParty\PhysX_4_1\Header\PhysX_4_1</Filter>
    </ClInclude>
    <ClInclude Include="ThirdParty\PhysX_4_1\inc\PhysX\PxConstraintDesc.h">
      <Filter>ThirdParty\PhysX_4_1\Header\PhysX_4_1</Filter>
    </ClInclude>
    <ClInclude Include="ThirdParty\PhysX_4_1\inc\PhysX\PxContact.h">
      <Filter>ThirdParty\PhysX_4_1\Header\PhysX_4_1</Filter>
    </ClInclude>
    <ClInclude Include="ThirdParty\PhysX_4_1\inc\PhysX\PxContactModifyCallback.h">
      <Filter>ThirdParty\PhysX_4_1\Header\PhysX_4_1</Filter>
    </ClInclude>
    <ClInclude Include="ThirdParty\PhysX_4_1\inc\PhysX\PxDeletionListener.h">
      <Filter>ThirdParty\PhysX_4_1\Header\PhysX_4_1</Filter>
    </ClInclude>
    <ClInclude Include="ThirdParty\PhysX_4_1\inc\PhysX\PxFiltering.h">
      <Filter>ThirdParty\PhysX_4_1\Header\PhysX_4_1</Filter>
    </ClInclude>
    <ClInclude Include="ThirdParty\PhysX_4_1\inc\PhysX\PxForceMode.h">
      <Filter>ThirdParty\PhysX_4_1\Header\PhysX_4_1</Filter>
    </ClInclude>
    <ClInclude Include="ThirdParty\PhysX_4_1\inc\PhysX\PxFoundation.h">
      <Filter>ThirdParty\PhysX_4_1\Header\PhysX_4_1</Filter>
    </ClInclude>
    <ClInclude Include="ThirdParty\PhysX_4_1\inc\PhysX\PxImmediateMode.h">
      <Filter>ThirdParty\PhysX_4_1\Header\PhysX_4_1</Filter>
    </ClInclude>
    <ClInclude Include="ThirdParty\PhysX_4_1\inc\PhysX\PxLockedData.h">
      <Filter>ThirdParty\PhysX_4_1\Header\PhysX_4_1</Filter>
    </ClInclude>
    <ClInclude Include="ThirdParty\PhysX_4_1\inc\PhysX\PxMaterial.h">
      <Filter>ThirdParty\PhysX_4_1\Header\PhysX_4_1</Filter>
    </ClInclude>
    <ClInclude Include="ThirdParty\PhysX_4_1\inc\PhysX\PxPhysics.h">
      <Filter>ThirdParty\PhysX_4_1\Header\PhysX_4_1</Filter>
    </ClInclude>
    <ClInclude Include="ThirdParty\PhysX_4_1\inc\PhysX\PxPhysicsAPI.h">
      <Filter>ThirdParty\PhysX_4_1\Header\PhysX_4_1</Filter>
    </ClInclude>
    <ClInclude Include="ThirdParty\PhysX_4_1\inc\PhysX\PxPhysicsSerialization.h">
      <Filter>ThirdParty\PhysX_4_1\Header\PhysX_4_1</Filter>
    </ClInclude>
    <ClInclude Include="ThirdParty\PhysX_4_1\inc\PhysX\PxPhysicsVersion.h">
      <Filter>ThirdParty\PhysX_4_1\Header\PhysX_4_1</Filter>
    </ClInclude>
    <ClInclude Include="ThirdParty\PhysX_4_1\inc\PhysX\PxPhysXConfig.h">
      <Filter>ThirdParty\PhysX_4_1\Header\PhysX_4_1</Filter>
    </ClInclude>
    <ClInclude Include="ThirdParty\PhysX_4_1\inc\PhysX\PxPruningStructure.h">
      <Filter>ThirdParty\PhysX_4_1\Header\PhysX_4_1</Filter>
    </ClInclude>
    <ClInclude Include="ThirdParty\PhysX_4_1\inc\PhysX\PxQueryFiltering.h">
      <Filter>ThirdParty\PhysX_4_1\Header\PhysX_4_1</Filter>
    </ClInclude>
    <ClInclude Include="ThirdParty\PhysX_4_1\inc\PhysX\PxQueryReport.h">
      <Filter>ThirdParty\PhysX_4_1\Header\PhysX_4_1</Filter>
    </ClInclude>
    <ClInclude Include="ThirdParty\PhysX_4_1\inc\PhysX\PxRigidActor.h">
      <Filter>ThirdParty\PhysX_4_1\Header\PhysX_4_1</Filter>
    </ClInclude>
    <ClInclude Include="ThirdParty\PhysX_4_1\inc\PhysX\PxRigidBody.h">
      <Filter>ThirdParty\PhysX_4_1\Header\PhysX_4_1</Filter>
    </ClInclude>
    <ClInclude Include="ThirdParty\PhysX_4_1\inc\PhysX\PxRigidDynamic.h">
      <Filter>ThirdParty\PhysX_4_1\Header\PhysX_4_1</Filter>
    </ClInclude>
    <ClInclude Include="ThirdParty\PhysX_4_1\inc\PhysX\PxRigidStatic.h">
      <Filter>ThirdParty\PhysX_4_1\Header\PhysX_4_1</Filter>
    </ClInclude>
    <ClInclude Include="ThirdParty\PhysX_4_1\inc\PhysX\PxScene.h">
      <Filter>ThirdParty\PhysX_4_1\Header\PhysX_4_1</Filter>
    </ClInclude>
    <ClInclude Include="ThirdParty\PhysX_4_1\inc\PhysX\PxSceneDesc.h">
      <Filter>ThirdParty\PhysX_4_1\Header\PhysX_4_1</Filter>
    </ClInclude>
    <ClInclude Include="ThirdParty\PhysX_4_1\inc\PhysX\PxSceneLock.h">
      <Filter>ThirdParty\PhysX_4_1\Header\PhysX_4_1</Filter>
    </ClInclude>
    <ClInclude Include="ThirdParty\PhysX_4_1\inc\PhysX\PxShape.h">
      <Filter>ThirdParty\PhysX_4_1\Header\PhysX_4_1</Filter>
    </ClInclude>
    <ClInclude Include="ThirdParty\PhysX_4_1\inc\PhysX\PxSimulationEventCallback.h">
      <Filter>ThirdParty\PhysX_4_1\Header\PhysX_4_1</Filter>
    </ClInclude>
    <ClInclude Include="ThirdParty\PhysX_4_1\inc\PhysX\PxSimulationStatistics.h">
      <Filter>ThirdParty\PhysX_4_1\Header\PhysX_4_1</Filter>
    </ClInclude>
    <ClInclude Include="ThirdParty\PhysX_4_1\inc\PhysX\characterkinematic\PxExtended.h">
      <Filter>ThirdParty\PhysX_4_1\Header\PhysX_4_1\characterkinematic</Filter>
    </ClInclude>
    <ClInclude Include="ThirdParty\PhysX_4_1\inc\PhysX\characterkinematic\PxBoxController.h">
      <Filter>ThirdParty\PhysX_4_1\Header\PhysX_4_1\characterkinematic</Filter>
    </ClInclude>
    <ClInclude Include="ThirdParty\PhysX_4_1\inc\PhysX\characterkinematic\PxCapsuleController.h">
      <Filter>ThirdParty\PhysX_4_1\Header\PhysX_4_1\characterkinematic</Filter>
    </ClInclude>
    <ClInclude Include="ThirdParty\PhysX_4_1\inc\PhysX\characterkinematic\PxController.h">
      <Filter>ThirdParty\PhysX_4_1\Header\PhysX_4_1\characterkinematic</Filter>
    </ClInclude>
    <ClInclude Include="ThirdParty\PhysX_4_1\inc\PhysX\characterkinematic\PxControllerBehavior.h">
      <Filter>ThirdParty\PhysX_4_1\Header\PhysX_4_1\characterkinematic</Filter>
    </ClInclude>
    <ClInclude Include="ThirdParty\PhysX_4_1\inc\PhysX\characterkinematic\PxControllerManager.h">
      <Filter>ThirdParty\PhysX_4_1\Header\PhysX_4_1\characterkinematic</Filter>
    </ClInclude>
    <ClInclude Include="ThirdParty\PhysX_4_1\inc\PhysX\characterkinematic\PxControllerObstacles.h">
      <Filter>ThirdParty\PhysX_4_1\Header\PhysX_4_1\characterkinematic</Filter>
    </ClInclude>
    <ClInclude Include="ThirdParty\PhysX_4_1\inc\PhysX\collision\PxCollisionDefs.h">
      <Filter>ThirdParty\PhysX_4_1\Header\PhysX_4_1\collision</Filter>
    </ClInclude>
    <ClInclude Include="ThirdParty\PhysX_4_1\inc\PhysX\common\PxTypeInfo.h">
      <Filter>ThirdParty\PhysX_4_1\Header\PhysX_4_1\common</Filter>
    </ClInclude>
    <ClInclude Include="ThirdParty\PhysX_4_1\inc\PhysX\common\PxBase.h">
      <Filter>ThirdParty\PhysX_4_1\Header\PhysX_4_1\common</Filter>
    </ClInclude>
    <ClInclude Include="ThirdParty\PhysX_4_1\inc\PhysX\common\PxCollection.h">
      <Filter>ThirdParty\PhysX_4_1\Header\PhysX_4_1\common</Filter>
    </ClInclude>
    <ClInclude Include="ThirdParty\PhysX_4_1\inc\PhysX\common\PxCoreUtilityTypes.h">
      <Filter>ThirdParty\PhysX_4_1\Header\PhysX_4_1\common</Filter>
    </ClInclude>
    <ClInclude Include="ThirdParty\PhysX_4_1\inc\PhysX\common\PxMetaData.h">
      <Filter>ThirdParty\PhysX_4_1\Header\PhysX_4_1\common</Filter>
    </ClInclude>
    <ClInclude Include="ThirdParty\PhysX_4_1\inc\PhysX\common\PxMetaDataFlags.h">
      <Filter>ThirdParty\PhysX_4_1\Header\PhysX_4_1\common</Filter>
    </ClInclude>
    <ClInclude Include="ThirdParty\PhysX_4_1\inc\PhysX\common\PxPhysicsInsertionCallback.h">
      <Filter>ThirdParty\PhysX_4_1\Header\PhysX_4_1\common</Filter>
    </ClInclude>
    <ClInclude Include="ThirdParty\PhysX_4_1\inc\PhysX\common\PxPhysXCommonConfig.h">
      <Filter>ThirdParty\PhysX_4_1\Header\PhysX_4_1\common</Filter>
    </ClInclude>
    <ClInclude Include="ThirdParty\PhysX_4_1\inc\PhysX\common\PxProfileZone.h">
      <Filter>ThirdParty\PhysX_4_1\Header\PhysX_4_1\common</Filter>
    </ClInclude>
    <ClInclude Include="ThirdParty\PhysX_4_1\inc\PhysX\common\PxRenderBuffer.h">
      <Filter>ThirdParty\PhysX_4_1\Header\PhysX_4_1\common</Filter>
    </ClInclude>
    <ClInclude Include="ThirdParty\PhysX_4_1\inc\PhysX\common\PxSerialFramework.h">
      <Filter>ThirdParty\PhysX_4_1\Header\PhysX_4_1\common</Filter>
    </ClInclude>
    <ClInclude Include="ThirdParty\PhysX_4_1\inc\PhysX\common\PxSerializer.h">
      <Filter>ThirdParty\PhysX_4_1\Header\PhysX_4_1\common</Filter>
    </ClInclude>
    <ClInclude Include="ThirdParty\PhysX_4_1\inc\PhysX\common\PxStringTable.h">
      <Filter>ThirdParty\PhysX_4_1\Header\PhysX_4_1\common</Filter>
    </ClInclude>
    <ClInclude Include="ThirdParty\PhysX_4_1\inc\PhysX\common\PxTolerancesScale.h">
      <Filter>ThirdParty\PhysX_4_1\Header\PhysX_4_1\common</Filter>
    </ClInclude>
    <ClInclude Include="ThirdParty\PhysX_4_1\inc\PhysX\common\windows\PxWindowsDelayLoadHook.h">
      <Filter>ThirdParty\PhysX_4_1\Header\PhysX_4_1\common</Filter>
    </ClInclude>
    <ClInclude Include="ThirdParty\PhysX_4_1\inc\PhysX\cooking\PxTriangleMeshDesc.h">
      <Filter>ThirdParty\PhysX_4_1\Header\PhysX_4_1\cooking</Filter>
    </ClInclude>
    <ClInclude Include="ThirdParty\PhysX_4_1\inc\PhysX\cooking\PxBVH33MidphaseDesc.h">
      <Filter>ThirdParty\PhysX_4_1\Header\PhysX_4_1\cooking</Filter>
    </ClInclude>
    <ClInclude Include="ThirdParty\PhysX_4_1\inc\PhysX\cooking\PxBVH34MidphaseDesc.h">
      <Filter>ThirdParty\PhysX_4_1\Header\PhysX_4_1\cooking</Filter>
    </ClInclude>
    <ClInclude Include="ThirdParty\PhysX_4_1\inc\PhysX\cooking\PxBVHStructureDesc.h">
      <Filter>ThirdParty\PhysX_4_1\Header\PhysX_4_1\cooking</Filter>
    </ClInclude>
    <ClInclude Include="ThirdParty\PhysX_4_1\inc\PhysX\cooking\Pxc.h">
      <Filter>ThirdParty\PhysX_4_1\Header\PhysX_4_1\cooking</Filter>
    </ClInclude>
    <ClInclude Include="ThirdParty\PhysX_4_1\inc\PhysX\cooking\PxConvexMeshDesc.h">
      <Filter>ThirdParty\PhysX_4_1\Header\PhysX_4_1\cooking</Filter>
    </ClInclude>
    <ClInclude Include="ThirdParty\PhysX_4_1\inc\PhysX\cooking\PxCooking.h">
      <Filter>ThirdParty\PhysX_4_1\Header\PhysX_4_1\cooking</Filter>
    </ClInclude>
    <ClInclude Include="ThirdParty\PhysX_4_1\inc\PhysX\cooking\PxMidphaseDesc.h">
      <Filter>ThirdParty\PhysX_4_1\Header\PhysX_4_1\cooking</Filter>
    </ClInclude>
    <ClInclude Include="ThirdParty\PhysX_4_1\inc\PhysX\cudamanager\PxCudaMemoryManager.h">
      <Filter>ThirdParty\PhysX_4_1\Header\PhysX_4_1\cudamanager</Filter>
    </ClInclude>
    <ClInclude Include="ThirdParty\PhysX_4_1\inc\PhysX\cudamanager\PxCudaContextManager.h">
      <Filter>ThirdParty\PhysX_4_1\Header\PhysX_4_1\cudamanager</Filter>
    </ClInclude>
    <ClInclude Include="ThirdParty\PhysX_4_1\inc\PhysX\extensions\PxTriangleMeshExt.h">
      <Filter>ThirdParty\PhysX_4_1\Header\PhysX_4_1\extensions</Filter>
    </ClInclude>
    <ClInclude Include="ThirdParty\PhysX_4_1\inc\PhysX\extensions\PxBinaryConverter.h">
      <Filter>ThirdParty\PhysX_4_1\Header\PhysX_4_1\extensions</Filter>
    </ClInclude>
    <ClInclude Include="ThirdParty\PhysX_4_1\inc\PhysX\extensions\PxBroadPhaseExt.h">
      <Filter>ThirdParty\PhysX_4_1\Header\PhysX_4_1\extensions</Filter>
    </ClInclude>
    <ClInclude Include="ThirdParty\PhysX_4_1\inc\PhysX\extensions\PxCollectionExt.h">
      <Filter>ThirdParty\PhysX_4_1\Header\PhysX_4_1\extensions</Filter>
    </ClInclude>
    <ClInclude Include="ThirdParty\PhysX_4_1\inc\PhysX\extensions\PxConstraintExt.h">
      <Filter>ThirdParty\PhysX_4_1\Header\PhysX_4_1\extensions</Filter>
    </ClInclude>
    <ClInclude Include="ThirdParty\PhysX_4_1\inc\PhysX\extensions\PxContactJoint.h">
      <Filter>ThirdParty\PhysX_4_1\Header\PhysX_4_1\extensions</Filter>
    </ClInclude>
    <ClInclude Include="ThirdParty\PhysX_4_1\inc\PhysX\extensions\PxConvexMeshExt.h">
      <Filter>ThirdParty\PhysX_4_1\Header\PhysX_4_1\extensions</Filter>
    </ClInclude>
    <ClInclude Include="ThirdParty\PhysX_4_1\inc\PhysX\extensions\PxD6Joint.h">
      <Filter>ThirdParty\PhysX_4_1\Header\PhysX_4_1\extensions</Filter>
    </ClInclude>
    <ClInclude Include="ThirdParty\PhysX_4_1\inc\PhysX\extensions\PxD6JointCreate.h">
      <Filter>ThirdParty\PhysX_4_1\Header\PhysX_4_1\extensions</Filter>
    </ClInclude>
    <ClInclude Include="ThirdParty\PhysX_4_1\inc\PhysX\extensions\PxDefaultAllocator.h">
      <Filter>ThirdParty\PhysX_4_1\Header\PhysX_4_1\extensions</Filter>
    </ClInclude>
    <ClInclude Include="ThirdParty\PhysX_4_1\inc\PhysX\extensions\PxDefaultCpuDispatcher.h">
      <Filter>ThirdParty\PhysX_4_1\Header\PhysX_4_1\extensions</Filter>
    </ClInclude>
    <ClInclude Include="ThirdParty\PhysX_4_1\inc\PhysX\extensions\PxDefaultErrorCallback.h">
      <Filter>ThirdParty\PhysX_4_1\Header\PhysX_4_1\extensions</Filter>
    </ClInclude>
    <ClInclude Include="ThirdParty\PhysX_4_1\inc\PhysX\extensions\PxDefaultSimulationFilterShader.h">
      <Filter>ThirdParty\PhysX_4_1\Header\PhysX_4_1\extensions</Filter>
    </ClInclude>
    <ClInclude Include="ThirdParty\PhysX_4_1\inc\PhysX\extensions\PxDefaultStreams.h">
      <Filter>ThirdParty\PhysX_4_1\Header\PhysX_4_1\extensions</Filter>
    </ClInclude>
    <ClInclude Include="ThirdParty\PhysX_4_1\inc\PhysX\extensions\PxDistanceJoint.h">
      <Filter>ThirdParty\PhysX_4_1\Header\PhysX_4_1\extensions</Filter>
    </ClInclude>
    <ClInclude Include="ThirdParty\PhysX_4_1\inc\PhysX\extensions\PxExtensionsAPI.h">
      <Filter>ThirdParty\PhysX_4_1\Header\PhysX_4_1\extensions</Filter>
    </ClInclude>
    <ClInclude Include="ThirdParty\PhysX_4_1\inc\PhysX\extensions\PxFixedJoint.h">
      <Filter>ThirdParty\PhysX_4_1\Header\PhysX_4_1\extensions</Filter>
    </ClInclude>
    <ClInclude Include="ThirdParty\PhysX_4_1\inc\PhysX\extensions\PxJoint.h">
      <Filter>ThirdParty\PhysX_4_1\Header\PhysX_4_1\extensions</Filter>
    </ClInclude>
    <ClInclude Include="ThirdParty\PhysX_4_1\inc\PhysX\extensions\PxJointLimit.h">
      <Filter>ThirdParty\PhysX_4_1\Header\PhysX_4_1\extensions</Filter>
    </ClInclude>
    <ClInclude Include="ThirdParty\PhysX_4_1\inc\PhysX\extensions\PxMassProperties.h">
      <Filter>ThirdParty\PhysX_4_1\Header\PhysX_4_1\extensions</Filter>
    </ClInclude>
    <ClInclude Include="ThirdParty\PhysX_4_1\inc\PhysX\extensions\PxPrismaticJoint.h">
      <Filter>ThirdParty\PhysX_4_1\Header\PhysX_4_1\extensions</Filter>
    </ClInclude>
    <ClInclude Include="ThirdParty\PhysX_4_1\inc\PhysX\extensions\PxRaycastCCD.h">
      <Filter>ThirdParty\PhysX_4_1\Header\PhysX_4_1\extensions</Filter>
    </ClInclude>
    <ClInclude Include="ThirdParty\PhysX_4_1\inc\PhysX\extensions\PxRepXSerializer.h">
      <Filter>ThirdParty\PhysX_4_1\Header\PhysX_4_1\extensions</Filter>
    </ClInclude>
    <ClInclude Include="ThirdParty\PhysX_4_1\inc\PhysX\extensions\PxRepXSimpleType.h">
      <Filter>ThirdParty\PhysX_4_1\Header\PhysX_4_1\extensions</Filter>
    </ClInclude>
    <ClInclude Include="ThirdParty\PhysX_4_1\inc\PhysX\extensions\PxRevoluteJoint.h">
      <Filter>ThirdParty\PhysX_4_1\Header\PhysX_4_1\extensions</Filter>
    </ClInclude>
    <ClInclude Include="ThirdParty\PhysX_4_1\inc\PhysX\extensions\PxRigidActorExt.h">
      <Filter>ThirdParty\PhysX_4_1\Header\PhysX_4_1\extensions</Filter>
    </ClInclude>
    <ClInclude Include="ThirdParty\PhysX_4_1\inc\PhysX\extensions\PxRigidBodyExt.h">
      <Filter>ThirdParty\PhysX_4_1\Header\PhysX_4_1\extensions</Filter>
    </ClInclude>
    <ClInclude Include="ThirdParty\PhysX_4_1\inc\PhysX\extensions\PxSceneQueryExt.h">
      <Filter>ThirdParty\PhysX_4_1\Header\PhysX_4_1\extensions</Filter>
    </ClInclude>
    <ClInclude Include="ThirdParty\PhysX_4_1\inc\PhysX\extensions\PxSerialization.h">
      <Filter>ThirdParty\PhysX_4_1\Header\PhysX_4_1\extensions</Filter>
    </ClInclude>
    <ClInclude Include="ThirdParty\PhysX_4_1\inc\PhysX\extensions\PxShapeExt.h">
      <Filter>ThirdParty\PhysX_4_1\Header\PhysX_4_1\extensions</Filter>
    </ClInclude>
    <ClInclude Include="ThirdParty\PhysX_4_1\inc\PhysX\extensions\PxSimpleFactory.h">
      <Filter>ThirdParty\PhysX_4_1\Header\PhysX_4_1\extensions</Filter>
    </ClInclude>
    <ClInclude Include="ThirdParty\PhysX_4_1\inc\PhysX\extensions\PxSmoothNormals.h">
      <Filter>ThirdParty\PhysX_4_1\Header\PhysX_4_1\extensions</Filter>
    </ClInclude>
    <ClInclude Include="ThirdParty\PhysX_4_1\inc\PhysX\extensions\PxSphericalJoint.h">
      <Filter>ThirdParty\PhysX_4_1\Header\PhysX_4_1\extensions</Filter>
    </ClInclude>
    <ClInclude Include="ThirdParty\PhysX_4_1\inc\PhysX\extensions\PxStringTableExt.h">
      <Filter>ThirdParty\PhysX_4_1\Header\PhysX_4_1\extensions</Filter>
    </ClInclude>
    <ClInclude Include="ThirdParty\PhysX_4_1\inc\PhysX\filebuf\PxFileBuf.h">
      <Filter>ThirdParty\PhysX_4_1\Header\PhysX_4_1\filebuf</Filter>
    </ClInclude>
    <ClInclude Include="ThirdParty\PhysX_4_1\inc\PhysX\foundation\PxVec4.h">
      <Filter>ThirdParty\PhysX_4_1\Header\PhysX_4_1\foundation</Filter>
    </ClInclude>
    <ClInclude Include="ThirdParty\PhysX_4_1\inc\PhysX\foundation\Px.h">
      <Filter>ThirdParty\PhysX_4_1\Header\PhysX_4_1\foundation</Filter>
    </ClInclude>
    <ClInclude Include="ThirdParty\PhysX_4_1\inc\PhysX\foundation\PxAllocatorCallback.h">
      <Filter>ThirdParty\PhysX_4_1\Header\PhysX_4_1\foundation</Filter>
    </ClInclude>
    <ClInclude Include="ThirdParty\PhysX_4_1\inc\PhysX\foundation\PxAssert.h">
      <Filter>ThirdParty\PhysX_4_1\Header\PhysX_4_1\foundation</Filter>
    </ClInclude>
    <ClInclude Include="ThirdParty\PhysX_4_1\inc\PhysX\foundation\PxBitAndData.h">
      <Filter>ThirdParty\PhysX_4_1\Header\PhysX_4_1\foundation</Filter>
    </ClInclude>
    <ClInclude Include="ThirdParty\PhysX_4_1\inc\PhysX\foundation\PxBounds3.h">
      <Filter>ThirdParty\PhysX_4_1\Header\PhysX_4_1\foundation</Filter>
    </ClInclude>
    <ClInclude Include="ThirdParty\PhysX_4_1\inc\PhysX\foundation\PxErrorCallback.h">
      <Filter>ThirdParty\PhysX_4_1\Header\PhysX_4_1\foundation</Filter>
    </ClInclude>
    <ClInclude Include="ThirdParty\PhysX_4_1\inc\PhysX\foundation\PxErrors.h">
      <Filter>ThirdParty\PhysX_4_1\Header\PhysX_4_1\foundation</Filter>
    </ClInclude>
    <ClInclude Include="ThirdParty\PhysX_4_1\inc\PhysX\foundation\PxFlags.h">
      <Filter>ThirdParty\PhysX_4_1\Header\PhysX_4_1\foundation</Filter>
    </ClInclude>
    <ClInclude Include="ThirdParty\PhysX_4_1\inc\PhysX\foundation\PxFoundationConfig.h">
      <Filter>ThirdParty\PhysX_4_1\Header\PhysX_4_1\foundation</Filter>
    </ClInclude>
    <ClInclude Include="ThirdParty\PhysX_4_1\inc\PhysX\foundation\PxIntrinsics.h">
      <Filter>ThirdParty\PhysX_4_1\Header\PhysX_4_1\foundation</Filter>
    </ClInclude>
    <ClInclude Include="ThirdParty\PhysX_4_1\inc\PhysX\foundation\PxIO.h">
      <Filter>ThirdParty\PhysX_4_1\Header\PhysX_4_1\foundation</Filter>
    </ClInclude>
    <ClInclude Include="ThirdParty\PhysX_4_1\inc\PhysX\foundation\PxMat33.h">
      <Filter>ThirdParty\PhysX_4_1\Header\PhysX_4_1\foundation</Filter>
    </ClInclude>
    <ClInclude Include="ThirdParty\PhysX_4_1\inc\PhysX\foundation\PxMat44.h">
      <Filter>ThirdParty\PhysX_4_1\Header\PhysX_4_1\foundation</Filter>
    </ClInclude>
    <ClInclude Include="ThirdParty\PhysX_4_1\inc\PhysX\foundation\PxMath.h">
      <Filter>ThirdParty\PhysX_4_1\Header\PhysX_4_1\foundation</Filter>
    </ClInclude>
    <ClInclude Include="ThirdParty\PhysX_4_1\inc\PhysX\foundation\PxMathUtils.h">
      <Filter>ThirdParty\PhysX_4_1\Header\PhysX_4_1\foundation</Filter>
    </ClInclude>
    <ClInclude Include="ThirdParty\PhysX_4_1\inc\PhysX\foundation\PxMemory.h">
      <Filter>ThirdParty\PhysX_4_1\Header\PhysX_4_1\foundation</Filter>
    </ClInclude>
    <ClInclude Include="ThirdParty\PhysX_4_1\inc\PhysX\foundation\PxPlane.h">
      <Filter>ThirdParty\PhysX_4_1\Header\PhysX_4_1\foundation</Filter>
    </ClInclude>
    <ClInclude Include="ThirdParty\PhysX_4_1\inc\PhysX\foundation\PxPreprocessor.h">
      <Filter>ThirdParty\PhysX_4_1\Header\PhysX_4_1\foundation</Filter>
    </ClInclude>
    <ClInclude Include="ThirdParty\PhysX_4_1\inc\PhysX\foundation\PxProfiler.h">
      <Filter>ThirdParty\PhysX_4_1\Header\PhysX_4_1\foundation</Filter>
    </ClInclude>
    <ClInclude Include="ThirdParty\PhysX_4_1\inc\PhysX\foundation\PxQuat.h">
      <Filter>ThirdParty\PhysX_4_1\Header\PhysX_4_1\foundation</Filter>
    </ClInclude>
    <ClInclude Include="ThirdParty\PhysX_4_1\inc\PhysX\foundation\PxSharedAssert.h">
      <Filter>ThirdParty\PhysX_4_1\Header\PhysX_4_1\foundation</Filter>
    </ClInclude>
    <ClInclude Include="ThirdParty\PhysX_4_1\inc\PhysX\foundation\PxSimpleTypes.h">
      <Filter>ThirdParty\PhysX_4_1\Header\PhysX_4_1\foundation</Filter>
    </ClInclude>
    <ClInclude Include="ThirdParty\PhysX_4_1\inc\PhysX\foundation\PxStrideIterator.h">
      <Filter>ThirdParty\PhysX_4_1\Header\PhysX_4_1\foundation</Filter>
    </ClInclude>
    <ClInclude Include="ThirdParty\PhysX_4_1\inc\PhysX\foundation\PxTransform.h">
      <Filter>ThirdParty\PhysX_4_1\Header\PhysX_4_1\foundation</Filter>
    </ClInclude>
    <ClInclude Include="ThirdParty\PhysX_4_1\inc\PhysX\foundation\PxUnionCast.h">
      <Filter>ThirdParty\PhysX_4_1\Header\PhysX_4_1\foundation</Filter>
    </ClInclude>
    <ClInclude Include="ThirdParty\PhysX_4_1\inc\PhysX\foundation\PxVec2.h">
      <Filter>ThirdParty\PhysX_4_1\Header\PhysX_4_1\foundation</Filter>
    </ClInclude>
    <ClInclude Include="ThirdParty\PhysX_4_1\inc\PhysX\foundation\PxVec3.h">
      <Filter>ThirdParty\PhysX_4_1\Header\PhysX_4_1\foundation</Filter>
    </ClInclude>
    <ClInclude Include="ThirdParty\PhysX_4_1\inc\PhysX\foundation\windows\PxWindowsIntrinsics.h">
      <Filter>ThirdParty\PhysX_4_1\Header\PhysX_4_1\foundation</Filter>
    </ClInclude>
    <ClInclude Include="ThirdParty\PhysX_4_1\inc\PhysX\geometry\PxTriangleMeshGeometry.h">
      <Filter>ThirdParty\PhysX_4_1\Header\PhysX_4_1\geometry</Filter>
    </ClInclude>
    <ClInclude Include="ThirdParty\PhysX_4_1\inc\PhysX\geometry\PxBoxGeometry.h">
      <Filter>ThirdParty\PhysX_4_1\Header\PhysX_4_1\geometry</Filter>
    </ClInclude>
    <ClInclude Include="ThirdParty\PhysX_4_1\inc\PhysX\geometry\PxBVHStructure.h">
      <Filter>ThirdParty\PhysX_4_1\Header\PhysX_4_1\geometry</Filter>
    </ClInclude>
    <ClInclude Include="ThirdParty\PhysX_4_1\inc\PhysX\geometry\PxCapsuleGeometry.h">
      <Filter>ThirdParty\PhysX_4_1\Header\PhysX_4_1\geometry</Filter>
    </ClInclude>
    <ClInclude Include="ThirdParty\PhysX_4_1\inc\PhysX\geometry\PxConvexMesh.h">
      <Filter>ThirdParty\PhysX_4_1\Header\PhysX_4_1\geometry</Filter>
    </ClInclude>
    <ClInclude Include="ThirdParty\PhysX_4_1\inc\PhysX\geometry\PxConvexMeshGeometry.h">
      <Filter>ThirdParty\PhysX_4_1\Header\PhysX_4_1\geometry</Filter>
    </ClInclude>
    <ClInclude Include="ThirdParty\PhysX_4_1\inc\PhysX\geometry\PxGeometry.h">
      <Filter>ThirdParty\PhysX_4_1\Header\PhysX_4_1\geometry</Filter>
    </ClInclude>
    <ClInclude Include="ThirdParty\PhysX_4_1\inc\PhysX\geometry\PxGeometryHelpers.h">
      <Filter>ThirdParty\PhysX_4_1\Header\PhysX_4_1\geometry</Filter>
    </ClInclude>
    <ClInclude Include="ThirdParty\PhysX_4_1\inc\PhysX\geometry\PxGeometryQuery.h">
      <Filter>ThirdParty\PhysX_4_1\Header\PhysX_4_1\geometry</Filter>
    </ClInclude>
    <ClInclude Include="ThirdParty\PhysX_4_1\inc\PhysX\geometry\PxHeightField.h">
      <Filter>ThirdParty\PhysX_4_1\Header\PhysX_4_1\geometry</Filter>
    </ClInclude>
    <ClInclude Include="ThirdParty\PhysX_4_1\inc\PhysX\geometry\PxHeightFieldDesc.h">
      <Filter>ThirdParty\PhysX_4_1\Header\PhysX_4_1\geometry</Filter>
    </ClInclude>
    <ClInclude Include="ThirdParty\PhysX_4_1\inc\PhysX\geometry\PxHeightFieldFlag.h">
      <Filter>ThirdParty\PhysX_4_1\Header\PhysX_4_1\geometry</Filter>
    </ClInclude>
    <ClInclude Include="ThirdParty\PhysX_4_1\inc\PhysX\geometry\PxHeightFieldGeometry.h">
      <Filter>ThirdParty\PhysX_4_1\Header\PhysX_4_1\geometry</Filter>
    </ClInclude>
    <ClInclude Include="ThirdParty\PhysX_4_1\inc\PhysX\geometry\PxHeightFieldSample.h">
      <Filter>ThirdParty\PhysX_4_1\Header\PhysX_4_1\geometry</Filter>
    </ClInclude>
    <ClInclude Include="ThirdParty\PhysX_4_1\inc\PhysX\geometry\PxMeshQuery.h">
      <Filter>ThirdParty\PhysX_4_1\Header\PhysX_4_1\geometry</Filter>
    </ClInclude>
    <ClInclude Include="ThirdParty\PhysX_4_1\inc\PhysX\geometry\PxMeshScale.h">
      <Filter>ThirdParty\PhysX_4_1\Header\PhysX_4_1\geometry</Filter>
    </ClInclude>
    <ClInclude Include="ThirdParty\PhysX_4_1\inc\PhysX\geometry\PxPlaneGeometry.h">
      <Filter>ThirdParty\PhysX_4_1\Header\PhysX_4_1\geometry</Filter>
    </ClInclude>
    <ClInclude Include="ThirdParty\PhysX_4_1\inc\PhysX\geometry\PxSimpleTriangleMesh.h">
      <Filter>ThirdParty\PhysX_4_1\Header\PhysX_4_1\geometry</Filter>
    </ClInclude>
    <ClInclude Include="ThirdParty\PhysX_4_1\inc\PhysX\geometry\PxSphereGeometry.h">
      <Filter>ThirdParty\PhysX_4_1\Header\PhysX_4_1\geometry</Filter>
    </ClInclude>
    <ClInclude Include="ThirdParty\PhysX_4_1\inc\PhysX\geometry\PxTriangle.h">
      <Filter>ThirdParty\PhysX_4_1\Header\PhysX_4_1\geometry</Filter>
    </ClInclude>
    <ClInclude Include="ThirdParty\PhysX_4_1\inc\PhysX\geometry\PxTriangleMesh.h">
      <Filter>ThirdParty\PhysX_4_1\Header\PhysX_4_1\geometry</Filter>
    </ClInclude>
    <ClInclude Include="ThirdParty\PhysX_4_1\inc\PhysX\geomutils\GuContactPoint.h">
      <Filter>ThirdParty\PhysX_4_1\Header\PhysX_4_1\geomutils</Filter>
    </ClInclude>
    <ClInclude Include="ThirdParty\PhysX_4_1\inc\PhysX\geomutils\GuContactBuffer.h">
      <Filter>ThirdParty\PhysX_4_1\Header\PhysX_4_1\geomutils</Filter>
    </ClInclude>
    <ClInclude Include="ThirdParty\PhysX_4_1\inc\PhysX\gpu\PxGpu.h">
      <Filter>ThirdParty\PhysX_4_1\Header\PhysX_4_1\gpu</Filter>
    </ClInclude>
    <ClInclude Include="ThirdParty\PhysX_4_1\inc\PhysX\pvd\PxPvdTransport.h">
      <Filter>ThirdParty\PhysX_4_1\Header\PhysX_4_1\pvd</Filter>
    </ClInclude>
    <ClInclude Include="ThirdParty\PhysX_4_1\inc\PhysX\pvd\PxPvd.h">
      <Filter>ThirdParty\PhysX_4_1\Header\PhysX_4_1\pvd</Filter>
    </ClInclude>
    <ClInclude Include="ThirdParty\PhysX_4_1\inc\PhysX\pvd\PxPvdSceneClient.h">
      <Filter>ThirdParty\PhysX_4_1\Header\PhysX_4_1\pvd</Filter>
    </ClInclude>
    <ClInclude Include="ThirdParty\PhysX_4_1\inc\PhysX\solver\PxSolverDefs.h">
      <Filter>ThirdParty\PhysX_4_1\Header\PhysX_4_1\solver</Filter>
    </ClInclude>
    <ClInclude Include="ThirdParty\PhysX_4_1\inc\PhysX\task\PxTaskManager.h">
      <Filter>ThirdParty\PhysX_4_1\Header\PhysX_4_1\task</Filter>
    </ClInclude>
    <ClInclude Include="ThirdParty\PhysX_4_1\inc\PhysX\task\PxCpuDispatcher.h">
      <Filter>ThirdParty\PhysX_4_1\Header\PhysX_4_1\task</Filter>
    </ClInclude>
    <ClInclude Include="ThirdParty\PhysX_4_1\inc\PhysX\task\PxTask.h">
      <Filter>ThirdParty\PhysX_4_1\Header\PhysX_4_1\task</Filter>
    </ClInclude>
    <ClInclude Include="ThirdParty\PhysX_4_1\inc\PhysX\task\PxTaskDefine.h">
      <Filter>ThirdParty\PhysX_4_1\Header\PhysX_4_1\task</Filter>
    </ClInclude>
    <ClInclude Include="ThirdParty\PhysX_4_1\inc\PhysX\vehicle\PxVehicleWheels.h">
      <Filter>ThirdParty\PhysX_4_1\Header\PhysX_4_1\vehicle</Filter>
    </ClInclude>
    <ClInclude Include="ThirdParty\PhysX_4_1\inc\PhysX\vehicle\PxVehicleComponents.h">
      <Filter>ThirdParty\PhysX_4_1\Header\PhysX_4_1\vehicle</Filter>
    </ClInclude>
    <ClInclude Include="ThirdParty\PhysX_4_1\inc\PhysX\vehicle\PxVehicleDrive.h">
      <Filter>ThirdParty\PhysX_4_1\Header\PhysX_4_1\vehicle</Filter>
    </ClInclude>
    <ClInclude Include="ThirdParty\PhysX_4_1\inc\PhysX\vehicle\PxVehicleDrive4W.h">
      <Filter>ThirdParty\PhysX_4_1\Header\PhysX_4_1\vehicle</Filter>
    </ClInclude>
    <ClInclude Include="ThirdParty\PhysX_4_1\inc\PhysX\vehicle\PxVehicleDriveNW.h">
      <Filter>ThirdParty\PhysX_4_1\Header\PhysX_4_1\vehicle</Filter>
    </ClInclude>
    <ClInclude Include="ThirdParty\PhysX_4_1\inc\PhysX\vehicle\PxVehicleDriveTank.h">
      <Filter>ThirdParty\PhysX_4_1\Header\PhysX_4_1\vehicle</Filter>
    </ClInclude>
    <ClInclude Include="ThirdParty\PhysX_4_1\inc\PhysX\vehicle\PxVehicleNoDrive.h">
      <Filter>ThirdParty\PhysX_4_1\Header\PhysX_4_1\vehicle</Filter>
    </ClInclude>
    <ClInclude Include="ThirdParty\PhysX_4_1\inc\PhysX\vehicle\PxVehicleSDK.h">
      <Filter>ThirdParty\PhysX_4_1\Header\PhysX_4_1\vehicle</Filter>
    </ClInclude>
    <ClInclude Include="ThirdParty\PhysX_4_1\inc\PhysX\vehicle\PxVehicleShaders.h">
      <Filter>ThirdParty\PhysX_4_1\Header\PhysX_4_1\vehicle</Filter>
    </ClInclude>
    <ClInclude Include="ThirdParty\PhysX_4_1\inc\PhysX\vehicle\PxVehicleTireFriction.h">
      <Filter>ThirdParty\PhysX_4_1\Header\PhysX_4_1\vehicle</Filter>
    </ClInclude>
    <ClInclude Include="ThirdParty\PhysX_4_1\inc\PhysX\vehicle\PxVehicleUpdate.h">
      <Filter>ThirdParty\PhysX_4_1\Header\PhysX_4_1\vehicle</Filter>
    </ClInclude>
    <ClInclude Include="ThirdParty\PhysX_4_1\inc\PhysX\vehicle\PxVehicleUtil.h">
      <Filter>ThirdParty\PhysX_4_1\Header\PhysX_4_1\vehicle</Filter>
    </ClInclude>
    <ClInclude Include="ThirdParty\PhysX_4_1\inc\PhysX\vehicle\PxVehicleUtilControl.h">
      <Filter>ThirdParty\PhysX_4_1\Header\PhysX_4_1\vehicle</Filter>
    </ClInclude>
    <ClInclude Include="ThirdParty\PhysX_4_1\inc\PhysX\vehicle\PxVehicleUtilSetup.h">
      <Filter>ThirdParty\PhysX_4_1\Header\PhysX_4_1\vehicle</Filter>
    </ClInclude>
    <ClInclude Include="ThirdParty\PhysX_4_1\inc\PhysX\vehicle\PxVehicleUtilTelemetry.h">
      <Filter>ThirdParty\PhysX_4_1\Header\PhysX_4_1\vehicle</Filter>
    </ClInclude>
    <ClInclude Include="PhysicsLevel.h">
      <Filter>Physics\common</Filter>
    </ClInclude>
    <ClInclude Include="PhysXDefault.h">
      <Filter>Physics\common</Filter>
    </ClInclude>
    <ClInclude Include="PhysXCapsuleComponent.h">
      <Filter>Physics\Component</Filter>
    </ClInclude>
    <ClInclude Include="PhysXBoxComponent.h">
      <Filter>Physics\Component</Filter>
    </ClInclude>
    <ClInclude Include="PhysXTriangleComponent.h">
      <Filter>Physics\Component</Filter>
    </ClInclude>
    <ClInclude Include="PhysXSphereComponent.h">
      <Filter>Physics\Component</Filter>
    </ClInclude>
    <ClInclude Include="HierarchyGUI.h">
      <Filter>GUI</Filter>
    </ClInclude>
    <ClInclude Include="GameEngineLight.h">
      <Filter>Object\Rendering</Filter>
    </ClInclude>
    <ClInclude Include="CustomCallback.h">
      <Filter>Physics\common</Filter>
    </ClInclude>
    <ClInclude Include="EngineGrid.h">
      <Filter>Content\Grid</Filter>
    </ClInclude>
    <ClInclude Include="GameEnginePhysics.h">
      <Filter>Physics\common</Filter>
    </ClInclude>
    <ClInclude Include="GameEngineNavi.h">
      <Filter>Object\Collision</Filter>
    </ClInclude>
    <ClInclude Include="PhysicsActor.h">
      <Filter>Physics\common</Filter>
    </ClInclude>
    <ClInclude Include="GameEngineOption.h">
      <Filter>Content\Option</Filter>
    </ClInclude>
    <ClInclude Include="GameEngineScreenShoot.h">
      <Filter>Content\ScreenShoot</Filter>
    </ClInclude>
    <ClInclude Include="BloomEffect.h">
      <Filter>Content\PostEffect</Filter>
    </ClInclude>
    <ClInclude Include="ThirdParty\NvCloth\inc\Allocator.h">
      <Filter>ThirdParty\NvCloth\Header</Filter>
    </ClInclude>
    <ClInclude Include="ThirdParty\NvCloth\inc\Callbacks.h">
      <Filter>ThirdParty\NvCloth\Header</Filter>
    </ClInclude>
    <ClInclude Include="ThirdParty\NvCloth\inc\Cloth.h">
      <Filter>ThirdParty\NvCloth\Header</Filter>
    </ClInclude>
    <ClInclude Include="ThirdParty\NvCloth\inc\DxContextManagerCallback.h">
      <Filter>ThirdParty\NvCloth\Header</Filter>
    </ClInclude>
    <ClInclude Include="ThirdParty\NvCloth\inc\Fabric.h">
      <Filter>ThirdParty\NvCloth\Header</Filter>
    </ClInclude>
    <ClInclude Include="ThirdParty\NvCloth\inc\Factory.h">
      <Filter>ThirdParty\NvCloth\Header</Filter>
    </ClInclude>
    <ClInclude Include="ThirdParty\NvCloth\inc\PhaseConfig.h">
      <Filter>ThirdParty\NvCloth\Header</Filter>
    </ClInclude>
    <ClInclude Include="ThirdParty\NvCloth\inc\Range.h">
      <Filter>ThirdParty\NvCloth\Header</Filter>
    </ClInclude>
    <ClInclude Include="ThirdParty\NvCloth\inc\Solver.h">
      <Filter>ThirdParty\NvCloth\Header</Filter>
    </ClInclude>
    <ClInclude Include="ThirdParty\NvCloth\inc\ps\PsUserAllocated.h">
      <Filter>ThirdParty\NvCloth\Header\ps</Filter>
    </ClInclude>
    <ClInclude Include="ThirdParty\NvCloth\inc\ps\Ps.h">
      <Filter>ThirdParty\NvCloth\Header\ps</Filter>
    </ClInclude>
    <ClInclude Include="ThirdParty\NvCloth\inc\ps\PsAlignedMalloc.h">
      <Filter>ThirdParty\NvCloth\Header\ps</Filter>
    </ClInclude>
    <ClInclude Include="ThirdParty\NvCloth\inc\ps\PsArray.h">
      <Filter>ThirdParty\NvCloth\Header\ps</Filter>
    </ClInclude>
    <ClInclude Include="ThirdParty\NvCloth\inc\ps\PsAtomic.h">
      <Filter>ThirdParty\NvCloth\Header\ps</Filter>
    </ClInclude>
    <ClInclude Include="ThirdParty\NvCloth\inc\ps\PsBasicTemplates.h">
      <Filter>ThirdParty\NvCloth\Header\ps</Filter>
    </ClInclude>
    <ClInclude Include="ThirdParty\NvCloth\inc\ps\PsBitUtils.h">
      <Filter>ThirdParty\NvCloth\Header\ps</Filter>
    </ClInclude>
    <ClInclude Include="ThirdParty\NvCloth\inc\ps\PsHash.h">
      <Filter>ThirdParty\NvCloth\Header\ps</Filter>
    </ClInclude>
    <ClInclude Include="ThirdParty\NvCloth\inc\ps\PsHashInternals.h">
      <Filter>ThirdParty\NvCloth\Header\ps</Filter>
    </ClInclude>
    <ClInclude Include="ThirdParty\NvCloth\inc\ps\PsHashMap.h">
      <Filter>ThirdParty\NvCloth\Header\ps</Filter>
    </ClInclude>
    <ClInclude Include="ThirdParty\NvCloth\inc\ps\PsIntrinsics.h">
      <Filter>ThirdParty\NvCloth\Header\ps</Filter>
    </ClInclude>
    <ClInclude Include="ThirdParty\NvCloth\inc\ps\PsMathUtils.h">
      <Filter>ThirdParty\NvCloth\Header\ps</Filter>
    </ClInclude>
    <ClInclude Include="ThirdParty\NvCloth\inc\ps\unix\PsUnixIntrinsics.h">
      <Filter>ThirdParty\NvCloth\Header\ps\unix</Filter>
    </ClInclude>
    <ClInclude Include="ThirdParty\NvCloth\inc\ps\windows\PsWindowsIntrinsics.h">
      <Filter>ThirdParty\NvCloth\Header\ps\NewFilter2</Filter>
    </ClInclude>
    <ClInclude Include="ThirdParty\NvCloth\inc\ps\PsAllocator.h">
      <Filter>ThirdParty\NvCloth\Header\ps</Filter>
    </ClInclude>
  </ItemGroup>
  <ItemGroup>
    <ClCompile Include="GameEngineCore.cpp" />
    <ClCompile Include="GameEngineLevel.cpp">
      <Filter>Object</Filter>
    </ClCompile>
    <ClCompile Include="GameEngineObject.cpp">
      <Filter>Object</Filter>
    </ClCompile>
    <ClCompile Include="GameEngineActor.cpp">
      <Filter>Object</Filter>
    </ClCompile>
    <ClCompile Include="GameEngineComponent.cpp">
      <Filter>Object</Filter>
    </ClCompile>
    <ClCompile Include="GameEngineResource.cpp">
      <Filter>Resources</Filter>
    </ClCompile>
    <ClCompile Include="GameEngineCamera.cpp">
      <Filter>Object\Rendering</Filter>
    </ClCompile>
    <ClCompile Include="GameEngineTransform.cpp">
      <Filter>Object</Filter>
    </ClCompile>
    <ClCompile Include="GameEngineRenderer.cpp">
      <Filter>Object\Rendering\Component</Filter>
    </ClCompile>
    <ClCompile Include="GameEngineCollision.cpp">
      <Filter>Object\Collision</Filter>
    </ClCompile>
    <ClCompile Include="GameEngineObjectBase.cpp">
      <Filter>Object</Filter>
    </ClCompile>
    <ClCompile Include="GameEngineNameObject.cpp">
      <Filter>Object</Filter>
    </ClCompile>
    <ClCompile Include="GameEngineDevice.cpp">
      <Filter>Device</Filter>
    </ClCompile>
    <ClCompile Include="PrecompileHeader.cpp" />
    <ClCompile Include="GameEngineRenderingPipeLine.cpp">
      <Filter>Object\Rendering\Component</Filter>
    </ClCompile>
    <ClCompile Include="GameEngineShader.cpp">
      <Filter>Resources\Shader</Filter>
    </ClCompile>
    <ClCompile Include="GameEngineVertexShader.cpp">
      <Filter>Resources\Shader</Filter>
    </ClCompile>
    <ClCompile Include="GameEnginePixelShader.cpp">
      <Filter>Resources\Shader</Filter>
    </ClCompile>
    <ClCompile Include="GameEngineDirectBuffer.cpp">
      <Filter>Resources\Buffer</Filter>
    </ClCompile>
    <ClCompile Include="GameEngineIndexBuffer.cpp">
      <Filter>Resources\Buffer</Filter>
    </ClCompile>
    <ClCompile Include="GameEngineVertexBuffer.cpp">
      <Filter>Resources\Buffer</Filter>
    </ClCompile>
    <ClCompile Include="GameEngineRenderTarget.cpp">
      <Filter>Resources\Texture</Filter>
    </ClCompile>
    <ClCompile Include="GameEngineTexture.cpp">
      <Filter>Resources\Texture</Filter>
    </ClCompile>
    <ClCompile Include="GameEngineMesh.cpp">
      <Filter>Resources\Mesh</Filter>
    </ClCompile>
    <ClCompile Include="GameEngineVertex.cpp">
      <Filter>Resources\Mesh</Filter>
    </ClCompile>
    <ClCompile Include="GameEngineInputLayOut.cpp">
      <Filter>Resources\RenderingSetting</Filter>
    </ClCompile>
    <ClCompile Include="GameEngineRasterizer.cpp">
      <Filter>Resources\RenderingSetting</Filter>
    </ClCompile>
    <ClCompile Include="GameEngineConstantBuffer.cpp">
      <Filter>Resources\Buffer</Filter>
    </ClCompile>
    <ClCompile Include="GameEngineShaderResHelper.cpp">
      <Filter>Object\Rendering\Component</Filter>
    </ClCompile>
    <ClCompile Include="GameEngineSampler.cpp">
      <Filter>Resources\Texture</Filter>
    </ClCompile>
    <ClCompile Include="GameEngineSpriteRenderer.cpp">
      <Filter>Object\Rendering\Component\2D</Filter>
    </ClCompile>
    <ClCompile Include="GameEngineBlend.cpp">
      <Filter>Resources\RenderingSetting</Filter>
    </ClCompile>
    <ClCompile Include="GameEngineVideo.cpp">
      <Filter>Resources\Movie</Filter>
    </ClCompile>
    <ClCompile Include="GameEngineDepthState.cpp">
      <Filter>Resources\RenderingSetting</Filter>
    </ClCompile>
    <ClCompile Include="imgui.cpp">
      <Filter>UI\ImGui</Filter>
    </ClCompile>
    <ClCompile Include="imgui_demo.cpp">
      <Filter>UI\ImGui</Filter>
    </ClCompile>
    <ClCompile Include="imgui_draw.cpp">
      <Filter>UI\ImGui</Filter>
    </ClCompile>
    <ClCompile Include="imgui_impl_dx11.cpp">
      <Filter>UI\ImGui</Filter>
    </ClCompile>
    <ClCompile Include="imgui_impl_win32.cpp">
      <Filter>UI\ImGui</Filter>
    </ClCompile>
    <ClCompile Include="imgui_tables.cpp">
      <Filter>UI\ImGui</Filter>
    </ClCompile>
    <ClCompile Include="imgui_widgets.cpp">
      <Filter>UI\ImGui</Filter>
    </ClCompile>
    <ClCompile Include="GameEngineGUI.cpp">
      <Filter>UI</Filter>
    </ClCompile>
    <ClCompile Include="GameEngineCoreWindow.cpp">
      <Filter>UI\SubWindow</Filter>
    </ClCompile>
    <ClCompile Include="GameEngineSprite.cpp">
      <Filter>Resources\Texture</Filter>
    </ClCompile>
    <ClCompile Include="GameEngineTileMapRenderer.cpp">
      <Filter>Object\Rendering\Component\2D</Filter>
    </ClCompile>
    <ClCompile Include="GameEngineUIRenderer.cpp">
      <Filter>Object\Rendering\Component\2D</Filter>
    </ClCompile>
    <ClCompile Include="GameEngineFSM.cpp">
      <Filter>Content\Patten</Filter>
    </ClCompile>
    <ClCompile Include="GameEngineButton.cpp">
      <Filter>Content\UI</Filter>
    </ClCompile>
    <ClCompile Include="GameEngineDebug3D.cpp">
      <Filter>Debug</Filter>
    </ClCompile>
    <ClCompile Include="GameEngineFont.cpp">
      <Filter>Resources\Font</Filter>
    </ClCompile>
    <ClCompile Include="GameEngineFontRenderer.cpp">
      <Filter>Object\Rendering\Component</Filter>
    </ClCompile>
    <ClCompile Include="BlurEffect.cpp">
      <Filter>Content\PostEffect</Filter>
    </ClCompile>
    <ClCompile Include="GameEngineFBXMesh.cpp">
      <Filter>Resources\Mesh</Filter>
    </ClCompile>
    <ClCompile Include="GameEngineFBXAnimation.cpp">
      <Filter>Resources\Mesh</Filter>
    </ClCompile>
    <ClCompile Include="GameEngineFBX.cpp">
      <Filter>Resources\Mesh</Filter>
    </ClCompile>
    <ClCompile Include="GameEngineStructuredBuffer.cpp">
      <Filter>Resources\Buffer</Filter>
    </ClCompile>
    <ClCompile Include="GameEngineFBXRenderer.cpp">
      <Filter>Object\Rendering\Component</Filter>
    </ClCompile>
    <ClCompile Include="GameEngineMaterial.cpp">
      <Filter>Object\Rendering\Component</Filter>
    </ClCompile>
    <ClCompile Include="PhysicsLevel.cpp">
      <Filter>Physics\common</Filter>
    </ClCompile>
    <ClCompile Include="PhysXDefault.cpp">
      <Filter>Physics\common</Filter>
    </ClCompile>
    <ClCompile Include="PhysXBoxComponent.cpp">
      <Filter>Physics\Component</Filter>
    </ClCompile>
    <ClCompile Include="PhysXCapsuleComponent.cpp">
      <Filter>Physics\Component</Filter>
    </ClCompile>
    <ClCompile Include="PhysXTriangleComponent.cpp">
      <Filter>Physics\Component</Filter>
    </ClCompile>
    <ClCompile Include="PhysXSphereComponent.cpp">
      <Filter>Physics\Component</Filter>
    </ClCompile>
    <ClCompile Include="HierarchyGUI.cpp">
      <Filter>GUI</Filter>
    </ClCompile>
    <ClCompile Include="GameEngineLight.cpp">
      <Filter>Object\Rendering</Filter>
    </ClCompile>
    <ClCompile Include="CustomCallback.cpp">
      <Filter>Physics\common</Filter>
    </ClCompile>
    <ClCompile Include="EngineGrid.cpp">
      <Filter>Content\Grid</Filter>
    </ClCompile>
    <ClCompile Include="GameEnginePhysics.cpp">
      <Filter>Physics\common</Filter>
    </ClCompile>
    <ClCompile Include="GameEngineNavi.cpp">
      <Filter>Object\Collision</Filter>
    </ClCompile>
    <ClCompile Include="PhysicsActor.cpp">
      <Filter>Physics\common</Filter>
    </ClCompile>
    <ClCompile Include="GameEngineOption.cpp">
      <Filter>Content\Option</Filter>
    </ClCompile>
    <ClCompile Include="GameEngineScreenShoot.cpp">
      <Filter>Content\ScreenShoot</Filter>
    </ClCompile>
    <ClCompile Include="GameEngineCore_Resources.cpp" />
    <ClCompile Include="BloomEffect.cpp">
      <Filter>Content\PostEffect</Filter>
    </ClCompile>
  </ItemGroup>
  <ItemGroup>
    <Filter Include="Object">
      <UniqueIdentifier>{1189cbc5-1179-4a91-a047-0f66642d14d2}</UniqueIdentifier>
    </Filter>
    <Filter Include="Resources">
      <UniqueIdentifier>{c16991ef-8e9a-49d8-b420-853cff2955d1}</UniqueIdentifier>
    </Filter>
    <Filter Include="Object\Rendering">
      <UniqueIdentifier>{6e970db4-fd75-4e59-8a4d-7b21615522d4}</UniqueIdentifier>
    </Filter>
    <Filter Include="Object\Rendering\Component">
      <UniqueIdentifier>{f3e34708-461c-4917-b95d-a8a102a5db52}</UniqueIdentifier>
    </Filter>
    <Filter Include="Object\Collision">
      <UniqueIdentifier>{3dbe9019-535c-4c9f-aa31-c8224e96e539}</UniqueIdentifier>
    </Filter>
    <Filter Include="Device">
      <UniqueIdentifier>{912f4888-0107-43c1-a4a3-ed450b50069c}</UniqueIdentifier>
    </Filter>
    <Filter Include="Resources\Shader">
      <UniqueIdentifier>{bde1d68e-2fec-4cf5-b959-c44aeb0fd9df}</UniqueIdentifier>
    </Filter>
    <Filter Include="Resources\Buffer">
      <UniqueIdentifier>{d556acda-5ce1-4dcd-822d-de021ef20113}</UniqueIdentifier>
    </Filter>
    <Filter Include="Resources\Texture">
      <UniqueIdentifier>{0a70c050-d852-4563-8333-4a24134fabc0}</UniqueIdentifier>
    </Filter>
    <Filter Include="Resources\Mesh">
      <UniqueIdentifier>{000cb8ac-71ff-46b9-ac15-26c892332f90}</UniqueIdentifier>
    </Filter>
    <Filter Include="Resources\RenderingSetting">
      <UniqueIdentifier>{a8bf701a-f489-444e-b5dd-208bf9fa554c}</UniqueIdentifier>
    </Filter>
    <Filter Include="ThirdParty">
      <UniqueIdentifier>{62388acb-3a2b-4860-bb86-2f306dbd2b29}</UniqueIdentifier>
    </Filter>
    <Filter Include="ThirdParty\DirectXTex">
      <UniqueIdentifier>{499d1ceb-48c3-48cf-89d6-0e062d91007a}</UniqueIdentifier>
    </Filter>
    <Filter Include="ThirdParty\DirectXTex\bin">
      <UniqueIdentifier>{50e6f3a7-94f1-4576-9bff-4e714bb6179d}</UniqueIdentifier>
    </Filter>
    <Filter Include="ThirdParty\DirectXTex\Header">
      <UniqueIdentifier>{409840f9-8d27-4b2c-beda-631d45461368}</UniqueIdentifier>
    </Filter>
    <Filter Include="ThirdParty\DirectXTex\bin\Debug">
      <UniqueIdentifier>{dc2c8aa7-982e-406c-bf2e-d6ba3461fdc9}</UniqueIdentifier>
    </Filter>
    <Filter Include="ThirdParty\DirectXTex\bin\Release">
      <UniqueIdentifier>{751c2843-6bfa-4251-a6dc-6fef84080d9b}</UniqueIdentifier>
    </Filter>
    <Filter Include="Object\Rendering\Component\2D">
      <UniqueIdentifier>{90a6147b-b313-40db-99b0-8f952e7a45a0}</UniqueIdentifier>
    </Filter>
    <Filter Include="Resources\Movie">
      <UniqueIdentifier>{1170661b-aa82-40fd-bd8b-768071db3115}</UniqueIdentifier>
    </Filter>
    <Filter Include="UI">
      <UniqueIdentifier>{8a671e32-3cf5-4234-a5d7-b44b136d22c2}</UniqueIdentifier>
    </Filter>
    <Filter Include="UI\ImGui">
      <UniqueIdentifier>{a9a101b7-b3e7-4533-bad3-1b44301f77e6}</UniqueIdentifier>
    </Filter>
    <Filter Include="UI\SubWindow">
      <UniqueIdentifier>{652ba404-c390-4c5a-b3af-a2c8b2f3336d}</UniqueIdentifier>
    </Filter>
    <Filter Include="Content">
      <UniqueIdentifier>{0ea0f19a-ed9f-42de-afea-08993b589204}</UniqueIdentifier>
    </Filter>
    <Filter Include="Content\Patten">
      <UniqueIdentifier>{362f2a30-aba2-474b-8e0b-b5619d8a40f5}</UniqueIdentifier>
    </Filter>
    <Filter Include="Content\UI">
      <UniqueIdentifier>{b4085df0-93a0-48a0-9313-f2e07587dcce}</UniqueIdentifier>
    </Filter>
    <Filter Include="Debug">
      <UniqueIdentifier>{e4061487-0602-4e9b-bae7-727663d40d33}</UniqueIdentifier>
    </Filter>
    <Filter Include="ThirdParty\Fw1Font">
      <UniqueIdentifier>{faa3abdd-e3d9-42c5-b479-b4f328524a6f}</UniqueIdentifier>
    </Filter>
    <Filter Include="ThirdParty\Fw1Font\Header">
      <UniqueIdentifier>{04f945cd-bdb5-47ce-a6b9-2dcb5cfaa543}</UniqueIdentifier>
    </Filter>
    <Filter Include="ThirdParty\Fw1Font\bin">
      <UniqueIdentifier>{c222c17d-9afd-43e4-a7b1-9718e6e18088}</UniqueIdentifier>
    </Filter>
    <Filter Include="ThirdParty\Fw1Font\bin\Debug">
      <UniqueIdentifier>{36fa6dfb-3509-4e7d-8f7d-8553cf263482}</UniqueIdentifier>
    </Filter>
    <Filter Include="ThirdParty\Fw1Font\bin\Release">
      <UniqueIdentifier>{c9a2e2ec-0a21-4f6e-85a7-897e30369c14}</UniqueIdentifier>
    </Filter>
    <Filter Include="Resources\Font">
      <UniqueIdentifier>{a1cce2ad-1d76-4ebf-a170-51f35fee46c7}</UniqueIdentifier>
    </Filter>
    <Filter Include="Content\PostEffect">
      <UniqueIdentifier>{52096e8f-43e8-4674-be03-00a90e23b6f0}</UniqueIdentifier>
    </Filter>
    <Filter Include="ThirdParty\FBX">
      <UniqueIdentifier>{53e800e8-f63a-46b5-9906-c993beb66600}</UniqueIdentifier>
    </Filter>
    <Filter Include="ThirdParty\FBX\Header">
      <UniqueIdentifier>{b5c5192f-a2a2-4d75-8b95-4da2cee88a39}</UniqueIdentifier>
    </Filter>
    <Filter Include="ThirdParty\FBX\bin">
      <UniqueIdentifier>{9d9324fd-2363-485b-a598-4344c2fac9df}</UniqueIdentifier>
    </Filter>
    <Filter Include="ThirdParty\FBX\bin\Debug">
      <UniqueIdentifier>{f0f76fbe-702f-4557-a2ea-d842d04c8c38}</UniqueIdentifier>
    </Filter>
    <Filter Include="ThirdParty\FBX\bin\Release">
      <UniqueIdentifier>{9f77ce30-651b-4257-ba50-f3d88c06f813}</UniqueIdentifier>
    </Filter>
    <Filter Include="Physics">
      <UniqueIdentifier>{03ba916a-db7c-419a-8464-85249e7b8bab}</UniqueIdentifier>
    </Filter>
    <Filter Include="ThirdParty\PhysX_4_1">
      <UniqueIdentifier>{2f0e60e1-aa53-4eb2-b9c4-083fef4475e7}</UniqueIdentifier>
    </Filter>
    <Filter Include="ThirdParty\PhysX_4_1\bin">
      <UniqueIdentifier>{f414ded0-fe31-4f4d-819c-8107ce78dcae}</UniqueIdentifier>
    </Filter>
    <Filter Include="ThirdParty\PhysX_4_1\bin\Debug">
      <UniqueIdentifier>{c6de7a7b-a181-4b30-a268-09a9d8d13a80}</UniqueIdentifier>
    </Filter>
    <Filter Include="ThirdParty\PhysX_4_1\bin\Release">
      <UniqueIdentifier>{052e025c-3892-4c36-b35c-c4c200727c64}</UniqueIdentifier>
    </Filter>
    <Filter Include="ThirdParty\PhysX_4_1\Header">
      <UniqueIdentifier>{9eb2abc5-7d3f-46c2-9eb9-bf548fae9cfb}</UniqueIdentifier>
    </Filter>
    <Filter Include="ThirdParty\PhysX_4_1\Header\PhysX_4_1">
      <UniqueIdentifier>{218aa945-e141-4509-a0c6-938b39cc9930}</UniqueIdentifier>
    </Filter>
    <Filter Include="ThirdParty\PhysX_4_1\Header\PhysX_4_1\characterkinematic">
      <UniqueIdentifier>{3fbed506-6c78-4177-8efa-088874618811}</UniqueIdentifier>
    </Filter>
    <Filter Include="ThirdParty\PhysX_4_1\Header\PhysX_4_1\collision">
      <UniqueIdentifier>{7a4fe4fe-7ab6-4237-8056-9856480301a4}</UniqueIdentifier>
    </Filter>
    <Filter Include="ThirdParty\PhysX_4_1\Header\PhysX_4_1\common">
      <UniqueIdentifier>{61ec7526-87bf-4469-bbc0-5fd66c89b058}</UniqueIdentifier>
    </Filter>
    <Filter Include="ThirdParty\PhysX_4_1\Header\PhysX_4_1\cooking">
      <UniqueIdentifier>{dc578423-40e9-414a-9aff-3d90c229b1ea}</UniqueIdentifier>
    </Filter>
    <Filter Include="ThirdParty\PhysX_4_1\Header\PhysX_4_1\cudamanager">
      <UniqueIdentifier>{b03c344a-1beb-4675-a83e-362cdbb59091}</UniqueIdentifier>
    </Filter>
    <Filter Include="ThirdParty\PhysX_4_1\Header\PhysX_4_1\extensions">
      <UniqueIdentifier>{8b1a805a-7ee0-44d1-9c1e-9a58f753b052}</UniqueIdentifier>
    </Filter>
    <Filter Include="ThirdParty\PhysX_4_1\Header\PhysX_4_1\filebuf">
      <UniqueIdentifier>{fb61f1ae-0ebf-4cf1-88af-1ebc94f63d4b}</UniqueIdentifier>
    </Filter>
    <Filter Include="ThirdParty\PhysX_4_1\Header\PhysX_4_1\foundation">
      <UniqueIdentifier>{78e14cf9-6e79-47b1-9794-ae26012f77dc}</UniqueIdentifier>
    </Filter>
    <Filter Include="ThirdParty\PhysX_4_1\Header\PhysX_4_1\geometry">
      <UniqueIdentifier>{5ca9ff8d-8179-4424-9bdd-c9f69f56c9ee}</UniqueIdentifier>
    </Filter>
    <Filter Include="ThirdParty\PhysX_4_1\Header\PhysX_4_1\geomutils">
      <UniqueIdentifier>{579bbd60-d869-4437-bc4e-79a50b6f7480}</UniqueIdentifier>
    </Filter>
    <Filter Include="ThirdParty\PhysX_4_1\Header\PhysX_4_1\gpu">
      <UniqueIdentifier>{83029750-dba4-46b5-86e8-1c8be3d26057}</UniqueIdentifier>
    </Filter>
    <Filter Include="ThirdParty\PhysX_4_1\Header\PhysX_4_1\pvd">
      <UniqueIdentifier>{5c1673bf-0042-45ab-923d-b41299ec8cf2}</UniqueIdentifier>
    </Filter>
    <Filter Include="ThirdParty\PhysX_4_1\Header\PhysX_4_1\solver">
      <UniqueIdentifier>{1c86631f-3947-4b93-bf8f-421b4e09c42c}</UniqueIdentifier>
    </Filter>
    <Filter Include="ThirdParty\PhysX_4_1\Header\PhysX_4_1\task">
      <UniqueIdentifier>{4322c297-084d-414a-bf07-790a102a68cb}</UniqueIdentifier>
    </Filter>
    <Filter Include="ThirdParty\PhysX_4_1\Header\PhysX_4_1\vehicle">
      <UniqueIdentifier>{95f34746-15ff-4036-b608-0bdeb0376ab1}</UniqueIdentifier>
    </Filter>
    <Filter Include="Physics\Component">
      <UniqueIdentifier>{c2fb545c-d743-4f7d-9500-e029223ff1e3}</UniqueIdentifier>
    </Filter>
    <Filter Include="Physics\common">
      <UniqueIdentifier>{8377face-2e32-43b1-a154-7762e7373e31}</UniqueIdentifier>
    </Filter>
    <Filter Include="GUI">
      <UniqueIdentifier>{be801ff7-8494-4800-931b-8e4a8b7e3fcb}</UniqueIdentifier>
    </Filter>
    <Filter Include="Content\Grid">
      <UniqueIdentifier>{fc709344-c3f6-40cf-b512-597b25dbe103}</UniqueIdentifier>
    </Filter>
    <Filter Include="Content\Option">
      <UniqueIdentifier>{4333f03b-ef27-49a7-8f59-e19bb7bdc905}</UniqueIdentifier>
    </Filter>
    <Filter Include="Content\ScreenShoot">
      <UniqueIdentifier>{530cc628-b1b9-4e74-8d3e-4db1201fc20f}</UniqueIdentifier>
    </Filter>
    <Filter Include="ThirdParty\NvCloth">
      <UniqueIdentifier>{36039445-be37-4076-b54a-0bfc87907b78}</UniqueIdentifier>
    </Filter>
    <Filter Include="ThirdParty\NvCloth\bin">
      <UniqueIdentifier>{7e5fecaa-c4b1-47cc-80fc-f3cdfce8ef75}</UniqueIdentifier>
    </Filter>
    <Filter Include="ThirdParty\NvCloth\bin\Release">
      <UniqueIdentifier>{01b2d0ff-b80d-4a1d-a5ed-fef97c0642de}</UniqueIdentifier>
    </Filter>
    <Filter Include="ThirdParty\NvCloth\bin\Debug">
      <UniqueIdentifier>{7c387b83-98fb-43c9-9027-e77e742a8aed}</UniqueIdentifier>
    </Filter>
    <Filter Include="ThirdParty\NvCloth\Header">
      <UniqueIdentifier>{9349d77d-6766-42d3-8e35-db1962ff931b}</UniqueIdentifier>
    </Filter>
    <Filter Include="ThirdParty\NvCloth\Header\ps">
      <UniqueIdentifier>{d12de51d-8fd7-4225-97fa-5b0898e0a47c}</UniqueIdentifier>
    </Filter>
    <Filter Include="ThirdParty\NvCloth\Header\ps\NewFilter2">
      <UniqueIdentifier>{83f40b75-0478-43d8-8099-542280348daf}</UniqueIdentifier>
    </Filter>
    <Filter Include="ThirdParty\NvCloth\Header\ps\unix">
      <UniqueIdentifier>{c47c5b23-e29f-4a2d-bb15-45fbc2474315}</UniqueIdentifier>
    </Filter>
  </ItemGroup>
  <ItemGroup>
    <None Include="ThirdParty\DirectXTex\inc\DirectXTex.inl">
      <Filter>ThirdParty\DirectXTex\Header</Filter>
    </None>
    <None Include="ThirdParty\DirectXTex\lib\x64\Debug\DirectXTex.lib">
      <Filter>ThirdParty\DirectXTex\bin\Debug</Filter>
    </None>
    <None Include="ThirdParty\DirectXTex\lib\x64\Release\DirectXTex.lib">
      <Filter>ThirdParty\DirectXTex\bin\Release</Filter>
    </None>
    <None Include="ThirdParty\FBX\lib\x64\Release\libfbxsdk-md.zip">
      <Filter>ThirdParty\FBX\bin\Release</Filter>
    </None>
    <None Include="ThirdParty\FBX\lib\x64\Release\libfbxsdk-mt.zip">
      <Filter>ThirdParty\FBX\bin\Release</Filter>
    </None>
    <None Include="ThirdParty\FBX\lib\x64\Debug\libfbxsdk-md.zip">
      <Filter>ThirdParty\FBX\bin\Debug</Filter>
    </None>
    <None Include="ThirdParty\FBX\lib\x64\Debug\libfbxsdk-mt.zip">
      <Filter>ThirdParty\FBX\bin\Debug</Filter>
    </None>
  </ItemGroup>
  <ItemGroup>
    <CopyFileToFolders Include="ThirdParty\FW1Font\lib\x64\Debug\FW1FontWrapper.lib">
      <Filter>ThirdParty\Fw1Font\bin\Debug</Filter>
    </CopyFileToFolders>
    <CopyFileToFolders Include="ThirdParty\FW1Font\lib\x64\Release\FW1FontWrapper.lib">
      <Filter>ThirdParty\Fw1Font\bin\Release</Filter>
    </CopyFileToFolders>
    <CopyFileToFolders Include="ThirdParty\FW1Font\lib\x64\Debug\FW1FontWrapper.dll">
      <Filter>ThirdParty\Fw1Font\bin\Debug</Filter>
    </CopyFileToFolders>
    <CopyFileToFolders Include="ThirdParty\FW1Font\lib\x64\Release\FW1FontWrapper.dll">
      <Filter>ThirdParty\Fw1Font\bin\Release</Filter>
    </CopyFileToFolders>
    <CopyFileToFolders Include="ThirdParty\FBX\lib\x64\Debug\alembic-md.pdb">
      <Filter>ThirdParty\FBX\bin\Debug</Filter>
    </CopyFileToFolders>
    <CopyFileToFolders Include="ThirdParty\FBX\lib\x64\Debug\alembic-mt.pdb">
      <Filter>ThirdParty\FBX\bin\Debug</Filter>
    </CopyFileToFolders>
    <CopyFileToFolders Include="ThirdParty\FBX\lib\x64\Debug\libfbxsdk.dll">
      <Filter>ThirdParty\FBX\bin\Debug</Filter>
    </CopyFileToFolders>
    <CopyFileToFolders Include="ThirdParty\FBX\lib\x64\Debug\libfbxsdk.lib">
      <Filter>ThirdParty\FBX\bin\Debug</Filter>
    </CopyFileToFolders>
    <CopyFileToFolders Include="ThirdParty\FBX\lib\x64\Debug\libfbxsdk.pdb">
      <Filter>ThirdParty\FBX\bin\Debug</Filter>
    </CopyFileToFolders>
    <CopyFileToFolders Include="ThirdParty\FBX\lib\x64\Debug\libfbxsdk-mt.pdb">
      <Filter>ThirdParty\FBX\bin\Debug</Filter>
    </CopyFileToFolders>
    <CopyFileToFolders Include="ThirdParty\FBX\lib\x64\Debug\libxml2-md.lib">
      <Filter>ThirdParty\FBX\bin\Debug</Filter>
    </CopyFileToFolders>
    <CopyFileToFolders Include="ThirdParty\FBX\lib\x64\Debug\libxml2-md.pdb">
      <Filter>ThirdParty\FBX\bin\Debug</Filter>
    </CopyFileToFolders>
    <CopyFileToFolders Include="ThirdParty\FBX\lib\x64\Debug\libxml2-mt.lib">
      <Filter>ThirdParty\FBX\bin\Debug</Filter>
    </CopyFileToFolders>
    <CopyFileToFolders Include="ThirdParty\FBX\lib\x64\Debug\libxml2-mt.pdb">
      <Filter>ThirdParty\FBX\bin\Debug</Filter>
    </CopyFileToFolders>
    <CopyFileToFolders Include="ThirdParty\FBX\lib\x64\Debug\zlib-md.lib">
      <Filter>ThirdParty\FBX\bin\Debug</Filter>
    </CopyFileToFolders>
    <CopyFileToFolders Include="ThirdParty\FBX\lib\x64\Debug\zlib-md.pdb">
      <Filter>ThirdParty\FBX\bin\Debug</Filter>
    </CopyFileToFolders>
    <CopyFileToFolders Include="ThirdParty\FBX\lib\x64\Debug\zlib-mt.lib">
      <Filter>ThirdParty\FBX\bin\Debug</Filter>
    </CopyFileToFolders>
    <CopyFileToFolders Include="ThirdParty\FBX\lib\x64\Debug\zlib-mt.pdb">
      <Filter>ThirdParty\FBX\bin\Debug</Filter>
    </CopyFileToFolders>
    <CopyFileToFolders Include="ThirdParty\FBX\lib\x64\Debug\libfbxsdk-md.pdb">
      <Filter>ThirdParty\FBX\bin\Debug</Filter>
    </CopyFileToFolders>
    <CopyFileToFolders Include="ThirdParty\FBX\lib\x64\Debug\libfbxsdk-md.lib">
      <Filter>ThirdParty\FBX\bin\Debug</Filter>
    </CopyFileToFolders>
    <CopyFileToFolders Include="ThirdParty\FBX\lib\x64\Debug\libfbxsdk-mt.lib">
      <Filter>ThirdParty\FBX\bin\Debug</Filter>
    </CopyFileToFolders>
    <CopyFileToFolders Include="ThirdParty\FBX\lib\x64\Release\alembic-md.pdb">
      <Filter>ThirdParty\FBX\bin\Release</Filter>
    </CopyFileToFolders>
    <CopyFileToFolders Include="ThirdParty\FBX\lib\x64\Release\zlib-md.lib">
      <Filter>ThirdParty\FBX\bin\Release</Filter>
    </CopyFileToFolders>
    <CopyFileToFolders Include="ThirdParty\FBX\lib\x64\Release\zlib-mt.lib">
      <Filter>ThirdParty\FBX\bin\Release</Filter>
    </CopyFileToFolders>
    <CopyFileToFolders Include="ThirdParty\FBX\lib\x64\Release\libfbxsdk-md.lib">
      <Filter>ThirdParty\FBX\bin\Release</Filter>
    </CopyFileToFolders>
    <CopyFileToFolders Include="ThirdParty\FBX\lib\x64\Release\libfbxsdk-mt.lib">
      <Filter>ThirdParty\FBX\bin\Release</Filter>
    </CopyFileToFolders>
    <CopyFileToFolders Include="ThirdParty\FBX\lib\x64\Release\libxml2-md.lib">
      <Filter>ThirdParty\FBX\bin\Release</Filter>
    </CopyFileToFolders>
    <CopyFileToFolders Include="ThirdParty\FBX\lib\x64\Release\libxml2-mt.lib">
      <Filter>ThirdParty\FBX\bin\Release</Filter>
    </CopyFileToFolders>
    <CopyFileToFolders Include="ThirdParty\FBX\lib\x64\Release\alembic-mt.pdb">
      <Filter>ThirdParty\FBX\bin\Release</Filter>
    </CopyFileToFolders>
    <CopyFileToFolders Include="ThirdParty\FBX\lib\x64\Release\libfbxsdk.dll">
      <Filter>ThirdParty\FBX\bin\Release</Filter>
    </CopyFileToFolders>
    <CopyFileToFolders Include="ThirdParty\FBX\lib\x64\Release\libfbxsdk.lib">
      <Filter>ThirdParty\FBX\bin\Release</Filter>
    </CopyFileToFolders>
    <CopyFileToFolders Include="ThirdParty\FBX\lib\x64\Release\libfbxsdk.pdb">
      <Filter>ThirdParty\FBX\bin\Release</Filter>
    </CopyFileToFolders>
    <CopyFileToFolders Include="ThirdParty\FBX\lib\x64\Release\libfbxsdk-md.pdb">
      <Filter>ThirdParty\FBX\bin\Release</Filter>
    </CopyFileToFolders>
    <CopyFileToFolders Include="ThirdParty\FBX\lib\x64\Release\libfbxsdk-mt.pdb">
      <Filter>ThirdParty\FBX\bin\Release</Filter>
    </CopyFileToFolders>
    <CopyFileToFolders Include="ThirdParty\FBX\lib\x64\Release\libxml2-md.pdb">
      <Filter>ThirdParty\FBX\bin\Release</Filter>
    </CopyFileToFolders>
    <CopyFileToFolders Include="ThirdParty\FBX\lib\x64\Release\libxml2-mt.pdb">
      <Filter>ThirdParty\FBX\bin\Release</Filter>
    </CopyFileToFolders>
    <CopyFileToFolders Include="ThirdParty\FBX\lib\x64\Release\zlib-md.pdb">
      <Filter>ThirdParty\FBX\bin\Release</Filter>
    </CopyFileToFolders>
    <CopyFileToFolders Include="ThirdParty\FBX\lib\x64\Release\zlib-mt.pdb">
      <Filter>ThirdParty\FBX\bin\Release</Filter>
    </CopyFileToFolders>
    <CopyFileToFolders Include="ThirdParty\PhysX_4_1\bin\Debug\PhysX_static_64.lib">
      <Filter>ThirdParty\PhysX_4_1\bin\Debug</Filter>
    </CopyFileToFolders>
    <CopyFileToFolders Include="ThirdParty\PhysX_4_1\bin\Debug\PhysXCharacterKinematic_static_64.lib">
      <Filter>ThirdParty\PhysX_4_1\bin\Debug</Filter>
    </CopyFileToFolders>
    <CopyFileToFolders Include="ThirdParty\PhysX_4_1\bin\Debug\PhysXCommon_static_64.lib">
      <Filter>ThirdParty\PhysX_4_1\bin\Debug</Filter>
    </CopyFileToFolders>
    <CopyFileToFolders Include="ThirdParty\PhysX_4_1\bin\Debug\PhysXCooking_static_64.lib">
      <Filter>ThirdParty\PhysX_4_1\bin\Debug</Filter>
    </CopyFileToFolders>
    <CopyFileToFolders Include="ThirdParty\PhysX_4_1\bin\Debug\PhysXExtensions_static_64.lib">
      <Filter>ThirdParty\PhysX_4_1\bin\Debug</Filter>
    </CopyFileToFolders>
    <CopyFileToFolders Include="ThirdParty\PhysX_4_1\bin\Debug\PhysXFoundation_static_64.lib">
      <Filter>ThirdParty\PhysX_4_1\bin\Debug</Filter>
    </CopyFileToFolders>
    <CopyFileToFolders Include="ThirdParty\PhysX_4_1\bin\Debug\PhysXPvdSDK_static_64.lib">
      <Filter>ThirdParty\PhysX_4_1\bin\Debug</Filter>
    </CopyFileToFolders>
    <CopyFileToFolders Include="ThirdParty\PhysX_4_1\bin\Debug\PhysXVehicle_static_64.lib">
      <Filter>ThirdParty\PhysX_4_1\bin\Debug</Filter>
    </CopyFileToFolders>
    <CopyFileToFolders Include="ThirdParty\PhysX_4_1\bin\Release\PhysX_static_64.lib">
      <Filter>ThirdParty\PhysX_4_1\bin\Release</Filter>
    </CopyFileToFolders>
    <CopyFileToFolders Include="ThirdParty\PhysX_4_1\bin\Release\PhysXCharacterKinematic_static_64.lib">
      <Filter>ThirdParty\PhysX_4_1\bin\Release</Filter>
    </CopyFileToFolders>
    <CopyFileToFolders Include="ThirdParty\PhysX_4_1\bin\Release\PhysXCommon_static_64.lib">
      <Filter>ThirdParty\PhysX_4_1\bin\Release</Filter>
    </CopyFileToFolders>
    <CopyFileToFolders Include="ThirdParty\PhysX_4_1\bin\Release\PhysXCooking_static_64.lib">
      <Filter>ThirdParty\PhysX_4_1\bin\Release</Filter>
    </CopyFileToFolders>
    <CopyFileToFolders Include="ThirdParty\PhysX_4_1\bin\Release\PhysXExtensions_static_64.lib">
      <Filter>ThirdParty\PhysX_4_1\bin\Release</Filter>
    </CopyFileToFolders>
    <CopyFileToFolders Include="ThirdParty\PhysX_4_1\bin\Release\PhysXFoundation_static_64.lib">
      <Filter>ThirdParty\PhysX_4_1\bin\Release</Filter>
    </CopyFileToFolders>
    <CopyFileToFolders Include="ThirdParty\PhysX_4_1\bin\Release\PhysXPvdSDK_static_64.lib">
      <Filter>ThirdParty\PhysX_4_1\bin\Release</Filter>
    </CopyFileToFolders>
    <CopyFileToFolders Include="ThirdParty\PhysX_4_1\bin\Release\PhysXVehicle_static_64.lib">
      <Filter>ThirdParty\PhysX_4_1\bin\Release</Filter>
    </CopyFileToFolders>
    <CopyFileToFolders Include="ThirdParty\NvCloth\bin\Debug\NvClothDEBUG_x64.lib">
      <Filter>ThirdParty\NvCloth\bin\Debug</Filter>
    </CopyFileToFolders>
    <CopyFileToFolders Include="ThirdParty\NvCloth\bin\Release\NvCloth_x64.lib">
      <Filter>ThirdParty\NvCloth\bin\Release</Filter>
    </CopyFileToFolders>
  </ItemGroup>
</Project>