<?xml version="1.0" encoding="utf-8"?>
<Project ToolsVersion="4.0" xmlns="http://schemas.microsoft.com/developer/msbuild/2003">
  <ItemGroup>
    <ClInclude Include="FadeEffect.h">
      <Filter>PostEffect</Filter>
    </ClInclude>
    <ClInclude Include="OldFilm.h">
      <Filter>PostEffect</Filter>
    </ClInclude>
    <ClInclude Include="OldTVEffect.h">
      <Filter>PostEffect</Filter>
    </ClInclude>
    <ClInclude Include="MainLevel.h">
      <Filter>Levels</Filter>
    </ClInclude>
    <ClInclude Include="TestLevel.h">
      <Filter>Levels</Filter>
    </ClInclude>
    <ClInclude Include="Player.h">
      <Filter>Actor</Filter>
    </ClInclude>
    <ClInclude Include="ServerWindow.h">
      <Filter>GUI</Filter>
    </ClInclude>
    <ClInclude Include="ConnectIDPacket.h">
      <Filter>Server\01.Packet</Filter>
    </ClInclude>
    <ClInclude Include="ObjectUpdatePacket.h">
      <Filter>Server\01.Packet</Filter>
    </ClInclude>
    <ClInclude Include="PacketEnum.h">
      <Filter>Server\01.Packet</Filter>
    </ClInclude>
    <ClInclude Include="NetFsmBase.h">
      <Filter>Server\02.FSM</Filter>
    </ClInclude>
    <ClInclude Include="NetFsmStateBase.h">
      <Filter>Server\02.FSM</Filter>
    </ClInclude>
    <ClInclude Include="NetLogViewer.h">
      <Filter>Server\03.LogViewer\01.GUI</Filter>
    </ClInclude>
    <ClInclude Include="NetLogFSM.h">
      <Filter>Server\03.LogViewer\02.FSM</Filter>
    </ClInclude>
    <ClInclude Include="NetLogState_EntryReady.h">
      <Filter>Server\03.LogViewer\03.State\02.EntryReady</Filter>
    </ClInclude>
    <ClInclude Include="PrecompileHeader.h">
      <Filter>Basic</Filter>
    </ClInclude>
    <ClInclude Include="MyContentSpriteRenderer.h">
      <Filter>Component\Renderer</Filter>
    </ClInclude>
    <ClInclude Include="ContentsCore.h">
      <Filter>Core</Filter>
    </ClInclude>
    <ClInclude Include="BaseEnemyActor.h">
      <Filter>Actor\Enemy</Filter>
    </ClInclude>
  </ItemGroup>
  <ItemGroup>
    <ClCompile Include="FadeEffect.cpp">
      <Filter>PostEffect</Filter>
    </ClCompile>
    <ClCompile Include="OldFilm.cpp">
      <Filter>PostEffect</Filter>
    </ClCompile>
    <ClCompile Include="OldTVEffect.cpp">
      <Filter>PostEffect</Filter>
    </ClCompile>
    <ClCompile Include="TestLevel.cpp">
      <Filter>Levels</Filter>
    </ClCompile>
    <ClCompile Include="MainLevel.cpp">
      <Filter>Levels</Filter>
    </ClCompile>
    <ClCompile Include="Player.cpp">
      <Filter>Actor</Filter>
    </ClCompile>
    <ClCompile Include="ServerWindow.cpp">
      <Filter>GUI</Filter>
    </ClCompile>
    <ClCompile Include="NetFsmBase.cpp">
      <Filter>Server\02.FSM</Filter>
    </ClCompile>
    <ClCompile Include="NetFsmStateBase.cpp">
      <Filter>Server\02.FSM</Filter>
    </ClCompile>
    <ClCompile Include="NetLogViewer.cpp">
      <Filter>Server\03.LogViewer\01.GUI</Filter>
    </ClCompile>
    <ClCompile Include="NetLogFSM.cpp">
      <Filter>Server\03.LogViewer\02.FSM</Filter>
    </ClCompile>
    <ClCompile Include="NetLogState_EntryReady.cpp">
      <Filter>Server\03.LogViewer\03.State\02.EntryReady</Filter>
    </ClCompile>
    <ClCompile Include="PrecompileHeader.cpp">
      <Filter>Basic</Filter>
    </ClCompile>
    <ClCompile Include="MyContentSpriteRenderer.cpp">
      <Filter>Component\Renderer</Filter>
    </ClCompile>
    <ClCompile Include="Contents_Resources.cpp">
      <Filter>Core</Filter>
    </ClCompile>
    <ClCompile Include="ContentsCore.cpp">
      <Filter>Core</Filter>
    </ClCompile>
    <ClCompile Include="BaseEnemyActor.cpp">
      <Filter>Actor\Enemy</Filter>
    </ClCompile>
  </ItemGroup>
  <ItemGroup>
    <Filter Include="Levels">
      <UniqueIdentifier>{3d17108a-64cc-412c-add8-c9f82f90c9e4}</UniqueIdentifier>
    </Filter>
    <Filter Include="PostEffect">
      <UniqueIdentifier>{8b278d14-8721-4921-8f5e-5601845f39f3}</UniqueIdentifier>
    </Filter>
    <Filter Include="GUI">
      <UniqueIdentifier>{5d35490c-dfd0-487f-89e8-cb2e4fcec7cc}</UniqueIdentifier>
    </Filter>
    <Filter Include="Server">
      <UniqueIdentifier>{7844fe14-609b-45f2-9524-51a5a2ba916a}</UniqueIdentifier>
    </Filter>
    <Filter Include="Server\01.Packet">
      <UniqueIdentifier>{a060b50f-0d32-48f9-89d8-99a98033da39}</UniqueIdentifier>
    </Filter>
    <Filter Include="Server\02.FSM">
      <UniqueIdentifier>{91da4ce2-188f-4020-962b-77a1b9cffb34}</UniqueIdentifier>
    </Filter>
    <Filter Include="Server\03.LogViewer">
      <UniqueIdentifier>{25357443-f41e-406b-ae38-f51e52023a71}</UniqueIdentifier>
    </Filter>
    <Filter Include="Server\03.LogViewer\01.GUI">
      <UniqueIdentifier>{90704d12-06f6-4849-bef0-42ade14ad5c5}</UniqueIdentifier>
    </Filter>
    <Filter Include="Server\03.LogViewer\02.FSM">
      <UniqueIdentifier>{80457f58-fad0-4b1f-b20a-1b51d210f21a}</UniqueIdentifier>
    </Filter>
    <Filter Include="Server\03.LogViewer\03.State">
      <UniqueIdentifier>{6929f4e9-9592-45bf-9983-fc6ed8adf155}</UniqueIdentifier>
    </Filter>
    <Filter Include="Server\03.LogViewer\03.State\02.EntryReady">
      <UniqueIdentifier>{dee5a1d9-3506-4be5-9ed5-08653f195555}</UniqueIdentifier>
    </Filter>
    <Filter Include="Server\03.LogViewer\03.State\01.StateBase">
      <UniqueIdentifier>{6ca5770e-79b7-4b84-a02f-d35a6f5f7dca}</UniqueIdentifier>
    </Filter>
    <Filter Include="Basic">
      <UniqueIdentifier>{aabc6096-725f-47aa-8201-d27b1ef4978d}</UniqueIdentifier>
    </Filter>
    <Filter Include="Component">
      <UniqueIdentifier>{42fc8948-5edb-4db6-9324-f39b430b12ec}</UniqueIdentifier>
    </Filter>
    <Filter Include="Actor">
      <UniqueIdentifier>{bbc60d36-0bc6-4a6f-a01a-193df7cb6027}</UniqueIdentifier>
    </Filter>
    <Filter Include="Component\Renderer">
      <UniqueIdentifier>{b5dc2074-11cc-4a26-a1ac-ead2e5b58776}</UniqueIdentifier>
    </Filter>
    <Filter Include="Core">
      <UniqueIdentifier>{cca997d7-d9ac-4593-aacd-42f572fb258e}</UniqueIdentifier>
    </Filter>
    <Filter Include="Actor\Enemy">
      <UniqueIdentifier>{ec2193ef-b7a7-4594-9b3c-3a16e74bb1c2}</UniqueIdentifier>
    </Filter>
    <Filter Include="Actor\Enemy\NormalMonster">
      <UniqueIdentifier>{cb99ca06-163e-4d2b-99b0-2b1df4abfd2b}</UniqueIdentifier>
    </Filter>
    <Filter Include="Actor\Enemy\BossMonster">
      <UniqueIdentifier>{2ee8e063-f548-41c2-9fbc-aa29201e1468}</UniqueIdentifier>
    </Filter>
  </ItemGroup>
</Project>