<?xml version="1.0" encoding="utf-8"?>
<Project ToolsVersion="4.0" xmlns="http://schemas.microsoft.com/developer/msbuild/2003">
  <ItemGroup>
    <ClInclude Include="PrecompileHeader.h" />
    <ClInclude Include="FadeEffect.h">
      <Filter>PostEffect</Filter>
    </ClInclude>
    <ClInclude Include="OldFilm.h">
      <Filter>PostEffect</Filter>
    </ClInclude>
    <ClInclude Include="OldTVEffect.h">
      <Filter>PostEffect</Filter>
    </ClInclude>
    <ClInclude Include="MainLevel.h">
      <Filter>Levels</Filter>
    </ClInclude>
    <ClInclude Include="TestLevel.h">
      <Filter>Levels</Filter>
    </ClInclude>
    <ClInclude Include="ContentsCore.h" />
    <ClInclude Include="MyContentSpriteRenderer.h" />
    <ClInclude Include="Player.h">
      <Filter>Object</Filter>
    </ClInclude>
    <ClInclude Include="ServerWindow.h">
      <Filter>GUI</Filter>
    </ClInclude>
    <ClInclude Include="ConnectIDPacket.h">
      <Filter>Server\01.Packet</Filter>
    </ClInclude>
    <ClInclude Include="ObjectUpdatePacket.h">
      <Filter>Server\01.Packet</Filter>
    </ClInclude>
    <ClInclude Include="NetObjectBase.h">
      <Filter>Server\02.NetObjectBase</Filter>
    </ClInclude>
    <ClInclude Include="PacketEnum.h">
      <Filter>Server\01.Packet</Filter>
    </ClInclude>
  </ItemGroup>
  <ItemGroup>
    <ClCompile Include="PrecompileHeader.cpp" />
    <ClCompile Include="FadeEffect.cpp">
      <Filter>PostEffect</Filter>
    </ClCompile>
    <ClCompile Include="Contents_Resources.cpp" />
    <ClCompile Include="OldFilm.cpp">
      <Filter>PostEffect</Filter>
    </ClCompile>
    <ClCompile Include="OldTVEffect.cpp">
      <Filter>PostEffect</Filter>
    </ClCompile>
    <ClCompile Include="TestLevel.cpp">
      <Filter>Levels</Filter>
    </ClCompile>
    <ClCompile Include="MainLevel.cpp">
      <Filter>Levels</Filter>
    </ClCompile>
    <ClCompile Include="ContentsCore.cpp" />
    <ClCompile Include="MyContentSpriteRenderer.cpp" />
    <ClCompile Include="Player.cpp">
      <Filter>Object</Filter>
    </ClCompile>
    <ClCompile Include="ServerWindow.cpp">
      <Filter>GUI</Filter>
    </ClCompile>
    <ClCompile Include="NetObjectBase.cpp">
      <Filter>Server\02.NetObjectBase</Filter>
    </ClCompile>
  </ItemGroup>
  <ItemGroup>
    <Filter Include="Levels">
      <UniqueIdentifier>{3d17108a-64cc-412c-add8-c9f82f90c9e4}</UniqueIdentifier>
    </Filter>
    <Filter Include="PostEffect">
      <UniqueIdentifier>{8b278d14-8721-4921-8f5e-5601845f39f3}</UniqueIdentifier>
    </Filter>
    <Filter Include="Object">
      <UniqueIdentifier>{bbc60d36-0bc6-4a6f-a01a-193df7cb6027}</UniqueIdentifier>
    </Filter>
    <Filter Include="GUI">
      <UniqueIdentifier>{5d35490c-dfd0-487f-89e8-cb2e4fcec7cc}</UniqueIdentifier>
    </Filter>
    <Filter Include="Server">
      <UniqueIdentifier>{7844fe14-609b-45f2-9524-51a5a2ba916a}</UniqueIdentifier>
    </Filter>
    <Filter Include="Server\01.Packet">
      <UniqueIdentifier>{a060b50f-0d32-48f9-89d8-99a98033da39}</UniqueIdentifier>
    </Filter>
    <Filter Include="Server\02.NetObjectBase">
      <UniqueIdentifier>{9da00b98-9efc-427f-baf3-e34569d21491}</UniqueIdentifier>
    </Filter>
  </ItemGroup>
</Project>