<?xml version="1.0" encoding="utf-8"?>
<Project ToolsVersion="16.0" xmlns="http://schemas.microsoft.com/developer/msbuild/2003">
  <ItemGroup>
    <CustomBuild Include="C:\Users\apple\Documents\tmp\PhysX\physx\compiler\vc16win64\CMakeFiles\1c7bdc6471f44c0eb3b92b069f6ec610\INSTALL_force.rule">
      <Filter>CMake Rules</Filter>
    </CustomBuild>
  </ItemGroup>
  <ItemGroup>
    <Filter Include="CMake Rules">
      <UniqueIdentifier>{30C867A3-CBE9-38C1-BD42-571F69D050B3}</UniqueIdentifier>
    </Filter>
  </ItemGroup>
</Project>
