<?xml version="1.0" encoding="utf-8"?>
<Project ToolsVersion="16.0" xmlns="http://schemas.microsoft.com/developer/msbuild/2003">
  <ItemGroup>
    <ClCompile Include="C:\Users\apple\Documents\tmp\PhysX\physx\source\physxvehicle\src\PxVehicleComponents.cpp">
      <Filter>src</Filter>
    </ClCompile>
    <ClCompile Include="C:\Users\apple\Documents\tmp\PhysX\physx\source\physxvehicle\src\PxVehicleDrive.cpp">
      <Filter>src</Filter>
    </ClCompile>
    <ClCompile Include="C:\Users\apple\Documents\tmp\PhysX\physx\source\physxvehicle\src\PxVehicleDrive4W.cpp">
      <Filter>src</Filter>
    </ClCompile>
    <ClCompile Include="C:\Users\apple\Documents\tmp\PhysX\physx\source\physxvehicle\src\PxVehicleDriveNW.cpp">
      <Filter>src</Filter>
    </ClCompile>
    <ClCompile Include="C:\Users\apple\Documents\tmp\PhysX\physx\source\physxvehicle\src\PxVehicleDriveTank.cpp">
      <Filter>src</Filter>
    </ClCompile>
    <ClCompile Include="C:\Users\apple\Documents\tmp\PhysX\physx\source\physxvehicle\src\PxVehicleMetaData.cpp">
      <Filter>src</Filter>
    </ClCompile>
    <ClCompile Include="C:\Users\apple\Documents\tmp\PhysX\physx\source\physxvehicle\src\PxVehicleNoDrive.cpp">
      <Filter>src</Filter>
    </ClCompile>
    <ClCompile Include="C:\Users\apple\Documents\tmp\PhysX\physx\source\physxvehicle\src\PxVehicleSDK.cpp">
      <Filter>src</Filter>
    </ClCompile>
    <ClCompile Include="C:\Users\apple\Documents\tmp\PhysX\physx\source\physxvehicle\src\PxVehicleSerialization.cpp">
      <Filter>src</Filter>
    </ClCompile>
    <ClCompile Include="C:\Users\apple\Documents\tmp\PhysX\physx\source\physxvehicle\src\PxVehicleSuspWheelTire4.cpp">
      <Filter>src</Filter>
    </ClCompile>
    <ClCompile Include="C:\Users\apple\Documents\tmp\PhysX\physx\source\physxvehicle\src\PxVehicleTireFriction.cpp">
      <Filter>src</Filter>
    </ClCompile>
    <ClCompile Include="C:\Users\apple\Documents\tmp\PhysX\physx\source\physxvehicle\src\PxVehicleUpdate.cpp">
      <Filter>src</Filter>
    </ClCompile>
    <ClCompile Include="C:\Users\apple\Documents\tmp\PhysX\physx\source\physxvehicle\src\PxVehicleWheels.cpp">
      <Filter>src</Filter>
    </ClCompile>
    <ClCompile Include="C:\Users\apple\Documents\tmp\PhysX\physx\source\physxvehicle\src\VehicleUtilControl.cpp">
      <Filter>src</Filter>
    </ClCompile>
    <ClCompile Include="C:\Users\apple\Documents\tmp\PhysX\physx\source\physxvehicle\src\VehicleUtilSetup.cpp">
      <Filter>src</Filter>
    </ClCompile>
    <ClCompile Include="C:\Users\apple\Documents\tmp\PhysX\physx\source\physxvehicle\src\VehicleUtilTelemetry.cpp">
      <Filter>src</Filter>
    </ClCompile>
    <ClCompile Include="C:\Users\apple\Documents\tmp\PhysX\physx\source\physxvehicle\src\physxmetadata\src\PxVehicleAutoGeneratedMetaDataObjects.cpp">
      <Filter>metadata\src</Filter>
    </ClCompile>
    <ClCompile Include="C:\Users\apple\Documents\tmp\PhysX\physx\source\physxvehicle\src\physxmetadata\src\PxVehicleMetaDataObjects.cpp">
      <Filter>metadata\src</Filter>
    </ClCompile>
  </ItemGroup>
  <ItemGroup>
    <ClInclude Include="C:\Users\apple\Documents\tmp\PhysX\physx\source\physxvehicle\src\PxVehicleDefaults.h">
      <Filter>src</Filter>
    </ClInclude>
    <ClInclude Include="C:\Users\apple\Documents\tmp\PhysX\physx\source\physxvehicle\src\PxVehicleLinearMath.h">
      <Filter>src</Filter>
    </ClInclude>
    <ClInclude Include="C:\Users\apple\Documents\tmp\PhysX\physx\source\physxvehicle\src\PxVehicleSerialization.h">
      <Filter>src</Filter>
    </ClInclude>
    <ClInclude Include="C:\Users\apple\Documents\tmp\PhysX\physx\source\physxvehicle\src\PxVehicleSuspLimitConstraintShader.h">
      <Filter>src</Filter>
    </ClInclude>
    <ClInclude Include="C:\Users\apple\Documents\tmp\PhysX\physx\source\physxvehicle\src\PxVehicleSuspWheelTire4.h">
      <Filter>src</Filter>
    </ClInclude>
    <ClInclude Include="C:\Users\apple\Documents\tmp\PhysX\physx\include\vehicle\PxVehicleComponents.h">
      <Filter>include</Filter>
    </ClInclude>
    <ClInclude Include="C:\Users\apple\Documents\tmp\PhysX\physx\include\vehicle\PxVehicleDrive.h">
      <Filter>include</Filter>
    </ClInclude>
    <ClInclude Include="C:\Users\apple\Documents\tmp\PhysX\physx\include\vehicle\PxVehicleDrive4W.h">
      <Filter>include</Filter>
    </ClInclude>
    <ClInclude Include="C:\Users\apple\Documents\tmp\PhysX\physx\include\vehicle\PxVehicleDriveNW.h">
      <Filter>include</Filter>
    </ClInclude>
    <ClInclude Include="C:\Users\apple\Documents\tmp\PhysX\physx\include\vehicle\PxVehicleDriveTank.h">
      <Filter>include</Filter>
    </ClInclude>
    <ClInclude Include="C:\Users\apple\Documents\tmp\PhysX\physx\include\vehicle\PxVehicleNoDrive.h">
      <Filter>include</Filter>
    </ClInclude>
    <ClInclude Include="C:\Users\apple\Documents\tmp\PhysX\physx\include\vehicle\PxVehicleSDK.h">
      <Filter>include</Filter>
    </ClInclude>
    <ClInclude Include="C:\Users\apple\Documents\tmp\PhysX\physx\include\vehicle\PxVehicleShaders.h">
      <Filter>include</Filter>
    </ClInclude>
    <ClInclude Include="C:\Users\apple\Documents\tmp\PhysX\physx\include\vehicle\PxVehicleTireFriction.h">
      <Filter>include</Filter>
    </ClInclude>
    <ClInclude Include="C:\Users\apple\Documents\tmp\PhysX\physx\include\vehicle\PxVehicleUpdate.h">
      <Filter>include</Filter>
    </ClInclude>
    <ClInclude Include="C:\Users\apple\Documents\tmp\PhysX\physx\include\vehicle\PxVehicleUtil.h">
      <Filter>include</Filter>
    </ClInclude>
    <ClInclude Include="C:\Users\apple\Documents\tmp\PhysX\physx\include\vehicle\PxVehicleUtilControl.h">
      <Filter>include</Filter>
    </ClInclude>
    <ClInclude Include="C:\Users\apple\Documents\tmp\PhysX\physx\include\vehicle\PxVehicleUtilSetup.h">
      <Filter>include</Filter>
    </ClInclude>
    <ClInclude Include="C:\Users\apple\Documents\tmp\PhysX\physx\include\vehicle\PxVehicleUtilTelemetry.h">
      <Filter>include</Filter>
    </ClInclude>
    <ClInclude Include="C:\Users\apple\Documents\tmp\PhysX\physx\include\vehicle\PxVehicleWheels.h">
      <Filter>include</Filter>
    </ClInclude>
    <ClInclude Include="C:\Users\apple\Documents\tmp\PhysX\physx\source\physxvehicle\src\physxmetadata\include\PxVehicleAutoGeneratedMetaDataObjectNames.h">
      <Filter>metadata\include</Filter>
    </ClInclude>
    <ClInclude Include="C:\Users\apple\Documents\tmp\PhysX\physx\source\physxvehicle\src\physxmetadata\include\PxVehicleAutoGeneratedMetaDataObjects.h">
      <Filter>metadata\include</Filter>
    </ClInclude>
    <ClInclude Include="C:\Users\apple\Documents\tmp\PhysX\physx\source\physxvehicle\src\physxmetadata\include\PxVehicleMetaDataObjects.h">
      <Filter>metadata\include</Filter>
    </ClInclude>
  </ItemGroup>
  <ItemGroup>
    <CustomBuild Include="C:\Users\apple\Documents\tmp\PhysX\physx\source\compiler\cmake\CMakeLists.txt" />
  </ItemGroup>
  <ItemGroup>
    <Filter Include="include">
      <UniqueIdentifier>{8086BFCC-A230-3818-A5D7-802ECE55D565}</UniqueIdentifier>
    </Filter>
    <Filter Include="metadata">
      <UniqueIdentifier>{8326D242-3609-3426-BF2D-B4ECF641FBAD}</UniqueIdentifier>
    </Filter>
    <Filter Include="metadata\include">
      <UniqueIdentifier>{6A785132-0373-3686-98F5-FE04CE7563F9}</UniqueIdentifier>
    </Filter>
    <Filter Include="metadata\src">
      <UniqueIdentifier>{AA8AD936-551F-32F1-BFB9-5EE09D1D3413}</UniqueIdentifier>
    </Filter>
    <Filter Include="src">
      <UniqueIdentifier>{E0C0A048-F7DE-3F2B-BD13-DC3B776598EA}</UniqueIdentifier>
    </Filter>
  </ItemGroup>
</Project>
