
Microsoft Visual Studio Solution File, Format Version 12.00
# Visual Studio Version 16
Project("{2150E333-8FDC-42A3-9474-1A3956D46DE8}") = "CMakePredefinedTargets", "CMakePredefinedTargets", "{57808CF3-7F9A-3DEA-8839-D6D479B67E1F}"
EndProject
Project("{2150E333-8FDC-42A3-9474-1A3956D46DE8}") = "PhysX SDK", "PhysX SDK", "{9D1542EF-97FA-34A0-8C8B-EB6B2AA70214}"
EndProject
Project("{8BC9CEB8-8B4A-11D0-8D11-00A0C91BC942}") = "ALL_BUILD", "ALL_BUILD.vcxproj", "{8201827E-D23C-33DB-B4F4-2AD464A3B288}"
	ProjectSection(ProjectDependencies) = postProject
		{97E24DD6-9434-3D18-A5D7-0CBEC9BA62CC} = {97E24DD6-9434-3D18-A5D7-0CBEC9BA62CC}
		{361EC7F5-6BEF-32EB-AEDE-A693440090B6} = {361EC7F5-6BEF-32EB-AEDE-A693440090B6}
		{E9AFD77F-7049-3686-8578-92770FE313D9} = {E9AFD77F-7049-3686-8578-92770FE313D9}
		{478DF678-210D-3C32-A704-0169B6F89667} = {478DF678-210D-3C32-A704-0169B6F89667}
		{9D82DCB7-14BE-3D2F-ADAC-5E521197D3B6} = {9D82DCB7-14BE-3D2F-ADAC-5E521197D3B6}
		{149DF25F-1E80-3B4C-B655-397EFC644673} = {149DF25F-1E80-3B4C-B655-397EFC644673}
		{10E0E127-D4D2-390D-94C4-A6502FE67F55} = {10E0E127-D4D2-390D-94C4-A6502FE67F55}
		{8EAF4B0A-144B-3076-9131-26753841A8C9} = {8EAF4B0A-144B-3076-9131-26753841A8C9}
		{2F06D804-2603-340C-9AE2-79CDF08E3F2F} = {2F06D804-2603-340C-9AE2-79CDF08E3F2F}
		{E079F69E-A1D4-3930-A8B4-0A3C62E1DBEF} = {E079F69E-A1D4-3930-A8B4-0A3C62E1DBEF}
		{6F142B8C-4525-3EB4-AF00-117221B43F47} = {6F142B8C-4525-3EB4-AF00-117221B43F47}
		{367FBC5B-9428-3424-B9C8-0FD94119C978} = {367FBC5B-9428-3424-B9C8-0FD94119C978}
		{E1A500F0-4374-3714-A5DF-D83766438287} = {E1A500F0-4374-3714-A5DF-D83766438287}
		{D1CA3CA2-11FA-3B85-8257-2AB082A77D48} = {D1CA3CA2-11FA-3B85-8257-2AB082A77D48}
		{43FA86A3-905C-3EAC-A73B-D690881D45FD} = {43FA86A3-905C-3EAC-A73B-D690881D45FD}
		{13407D7A-12B9-3D6D-B7F2-85E0EDF1596C} = {13407D7A-12B9-3D6D-B7F2-85E0EDF1596C}
	EndProjectSection
EndProject
Project("{8BC9CEB8-8B4A-11D0-8D11-00A0C91BC942}") = "FastXml", "FastXml.vcxproj", "{97E24DD6-9434-3D18-A5D7-0CBEC9BA62CC}"
	ProjectSection(ProjectDependencies) = postProject
		{13407D7A-12B9-3D6D-B7F2-85E0EDF1596C} = {13407D7A-12B9-3D6D-B7F2-85E0EDF1596C}
	EndProjectSection
EndProject
Project("{8BC9CEB8-8B4A-11D0-8D11-00A0C91BC942}") = "INSTALL", "INSTALL.vcxproj", "{4D61682F-C8A8-3A5A-8DED-87915B8B8E0E}"
	ProjectSection(ProjectDependencies) = postProject
		{8201827E-D23C-33DB-B4F4-2AD464A3B288} = {8201827E-D23C-33DB-B4F4-2AD464A3B288}
		{13407D7A-12B9-3D6D-B7F2-85E0EDF1596C} = {13407D7A-12B9-3D6D-B7F2-85E0EDF1596C}
	EndProjectSection
EndProject
Project("{8BC9CEB8-8B4A-11D0-8D11-00A0C91BC942}") = "LowLevel", "LowLevel.vcxproj", "{361EC7F5-6BEF-32EB-AEDE-A693440090B6}"
	ProjectSection(ProjectDependencies) = postProject
		{13407D7A-12B9-3D6D-B7F2-85E0EDF1596C} = {13407D7A-12B9-3D6D-B7F2-85E0EDF1596C}
	EndProjectSection
EndProject
Project("{8BC9CEB8-8B4A-11D0-8D11-00A0C91BC942}") = "LowLevelAABB", "LowLevelAABB.vcxproj", "{E9AFD77F-7049-3686-8578-92770FE313D9}"
	ProjectSection(ProjectDependencies) = postProject
		{13407D7A-12B9-3D6D-B7F2-85E0EDF1596C} = {13407D7A-12B9-3D6D-B7F2-85E0EDF1596C}
	EndProjectSection
EndProject
Project("{8BC9CEB8-8B4A-11D0-8D11-00A0C91BC942}") = "LowLevelDynamics", "LowLevelDynamics.vcxproj", "{478DF678-210D-3C32-A704-0169B6F89667}"
	ProjectSection(ProjectDependencies) = postProject
		{13407D7A-12B9-3D6D-B7F2-85E0EDF1596C} = {13407D7A-12B9-3D6D-B7F2-85E0EDF1596C}
	EndProjectSection
EndProject
Project("{8BC9CEB8-8B4A-11D0-8D11-00A0C91BC942}") = "PhysX", "PhysX.vcxproj", "{9D82DCB7-14BE-3D2F-ADAC-5E521197D3B6}"
	ProjectSection(ProjectDependencies) = postProject
		{361EC7F5-6BEF-32EB-AEDE-A693440090B6} = {361EC7F5-6BEF-32EB-AEDE-A693440090B6}
		{E9AFD77F-7049-3686-8578-92770FE313D9} = {E9AFD77F-7049-3686-8578-92770FE313D9}
		{478DF678-210D-3C32-A704-0169B6F89667} = {478DF678-210D-3C32-A704-0169B6F89667}
		{10E0E127-D4D2-390D-94C4-A6502FE67F55} = {10E0E127-D4D2-390D-94C4-A6502FE67F55}
		{E079F69E-A1D4-3930-A8B4-0A3C62E1DBEF} = {E079F69E-A1D4-3930-A8B4-0A3C62E1DBEF}
		{6F142B8C-4525-3EB4-AF00-117221B43F47} = {6F142B8C-4525-3EB4-AF00-117221B43F47}
		{367FBC5B-9428-3424-B9C8-0FD94119C978} = {367FBC5B-9428-3424-B9C8-0FD94119C978}
		{D1CA3CA2-11FA-3B85-8257-2AB082A77D48} = {D1CA3CA2-11FA-3B85-8257-2AB082A77D48}
		{43FA86A3-905C-3EAC-A73B-D690881D45FD} = {43FA86A3-905C-3EAC-A73B-D690881D45FD}
		{13407D7A-12B9-3D6D-B7F2-85E0EDF1596C} = {13407D7A-12B9-3D6D-B7F2-85E0EDF1596C}
	EndProjectSection
EndProject
Project("{8BC9CEB8-8B4A-11D0-8D11-00A0C91BC942}") = "PhysXCharacterKinematic", "PhysXCharacterKinematic.vcxproj", "{149DF25F-1E80-3B4C-B655-397EFC644673}"
	ProjectSection(ProjectDependencies) = postProject
		{E079F69E-A1D4-3930-A8B4-0A3C62E1DBEF} = {E079F69E-A1D4-3930-A8B4-0A3C62E1DBEF}
		{13407D7A-12B9-3D6D-B7F2-85E0EDF1596C} = {13407D7A-12B9-3D6D-B7F2-85E0EDF1596C}
	EndProjectSection
EndProject
Project("{8BC9CEB8-8B4A-11D0-8D11-00A0C91BC942}") = "PhysXCommon", "PhysXCommon.vcxproj", "{10E0E127-D4D2-390D-94C4-A6502FE67F55}"
	ProjectSection(ProjectDependencies) = postProject
		{E079F69E-A1D4-3930-A8B4-0A3C62E1DBEF} = {E079F69E-A1D4-3930-A8B4-0A3C62E1DBEF}
		{13407D7A-12B9-3D6D-B7F2-85E0EDF1596C} = {13407D7A-12B9-3D6D-B7F2-85E0EDF1596C}
	EndProjectSection
EndProject
Project("{8BC9CEB8-8B4A-11D0-8D11-00A0C91BC942}") = "PhysXCooking", "PhysXCooking.vcxproj", "{8EAF4B0A-144B-3076-9131-26753841A8C9}"
	ProjectSection(ProjectDependencies) = postProject
		{10E0E127-D4D2-390D-94C4-A6502FE67F55} = {10E0E127-D4D2-390D-94C4-A6502FE67F55}
		{E079F69E-A1D4-3930-A8B4-0A3C62E1DBEF} = {E079F69E-A1D4-3930-A8B4-0A3C62E1DBEF}
		{13407D7A-12B9-3D6D-B7F2-85E0EDF1596C} = {13407D7A-12B9-3D6D-B7F2-85E0EDF1596C}
	EndProjectSection
EndProject
Project("{8BC9CEB8-8B4A-11D0-8D11-00A0C91BC942}") = "PhysXExtensions", "PhysXExtensions.vcxproj", "{2F06D804-2603-340C-9AE2-79CDF08E3F2F}"
	ProjectSection(ProjectDependencies) = postProject
		{97E24DD6-9434-3D18-A5D7-0CBEC9BA62CC} = {97E24DD6-9434-3D18-A5D7-0CBEC9BA62CC}
		{9D82DCB7-14BE-3D2F-ADAC-5E521197D3B6} = {9D82DCB7-14BE-3D2F-ADAC-5E521197D3B6}
		{E079F69E-A1D4-3930-A8B4-0A3C62E1DBEF} = {E079F69E-A1D4-3930-A8B4-0A3C62E1DBEF}
		{6F142B8C-4525-3EB4-AF00-117221B43F47} = {6F142B8C-4525-3EB4-AF00-117221B43F47}
		{13407D7A-12B9-3D6D-B7F2-85E0EDF1596C} = {13407D7A-12B9-3D6D-B7F2-85E0EDF1596C}
	EndProjectSection
EndProject
Project("{8BC9CEB8-8B4A-11D0-8D11-00A0C91BC942}") = "PhysXFoundation", "PhysXFoundation.vcxproj", "{E079F69E-A1D4-3930-A8B4-0A3C62E1DBEF}"
	ProjectSection(ProjectDependencies) = postProject
		{13407D7A-12B9-3D6D-B7F2-85E0EDF1596C} = {13407D7A-12B9-3D6D-B7F2-85E0EDF1596C}
	EndProjectSection
EndProject
Project("{8BC9CEB8-8B4A-11D0-8D11-00A0C91BC942}") = "PhysXPvdSDK", "PhysXPvdSDK.vcxproj", "{6F142B8C-4525-3EB4-AF00-117221B43F47}"
	ProjectSection(ProjectDependencies) = postProject
		{E079F69E-A1D4-3930-A8B4-0A3C62E1DBEF} = {E079F69E-A1D4-3930-A8B4-0A3C62E1DBEF}
		{13407D7A-12B9-3D6D-B7F2-85E0EDF1596C} = {13407D7A-12B9-3D6D-B7F2-85E0EDF1596C}
	EndProjectSection
EndProject
Project("{8BC9CEB8-8B4A-11D0-8D11-00A0C91BC942}") = "PhysXTask", "PhysXTask.vcxproj", "{367FBC5B-9428-3424-B9C8-0FD94119C978}"
	ProjectSection(ProjectDependencies) = postProject
		{13407D7A-12B9-3D6D-B7F2-85E0EDF1596C} = {13407D7A-12B9-3D6D-B7F2-85E0EDF1596C}
	EndProjectSection
EndProject
Project("{8BC9CEB8-8B4A-11D0-8D11-00A0C91BC942}") = "PhysXVehicle", "PhysXVehicle.vcxproj", "{E1A500F0-4374-3714-A5DF-D83766438287}"
	ProjectSection(ProjectDependencies) = postProject
		{E079F69E-A1D4-3930-A8B4-0A3C62E1DBEF} = {E079F69E-A1D4-3930-A8B4-0A3C62E1DBEF}
		{6F142B8C-4525-3EB4-AF00-117221B43F47} = {6F142B8C-4525-3EB4-AF00-117221B43F47}
		{13407D7A-12B9-3D6D-B7F2-85E0EDF1596C} = {13407D7A-12B9-3D6D-B7F2-85E0EDF1596C}
	EndProjectSection
EndProject
Project("{8BC9CEB8-8B4A-11D0-8D11-00A0C91BC942}") = "SceneQuery", "SceneQuery.vcxproj", "{D1CA3CA2-11FA-3B85-8257-2AB082A77D48}"
	ProjectSection(ProjectDependencies) = postProject
		{13407D7A-12B9-3D6D-B7F2-85E0EDF1596C} = {13407D7A-12B9-3D6D-B7F2-85E0EDF1596C}
	EndProjectSection
EndProject
Project("{8BC9CEB8-8B4A-11D0-8D11-00A0C91BC942}") = "SimulationController", "SimulationController.vcxproj", "{43FA86A3-905C-3EAC-A73B-D690881D45FD}"
	ProjectSection(ProjectDependencies) = postProject
		{13407D7A-12B9-3D6D-B7F2-85E0EDF1596C} = {13407D7A-12B9-3D6D-B7F2-85E0EDF1596C}
	EndProjectSection
EndProject
Project("{8BC9CEB8-8B4A-11D0-8D11-00A0C91BC942}") = "ZERO_CHECK", "..\\ZERO_CHECK.vcxproj", "{13407D7A-12B9-3D6D-B7F2-85E0EDF1596C}"
	ProjectSection(ProjectDependencies) = postProject
	EndProjectSection
EndProject
Global
	GlobalSection(SolutionConfigurationPlatforms) = preSolution
		debug|x64 = debug|x64
		checked|x64 = checked|x64
		profile|x64 = profile|x64
		release|x64 = release|x64
	EndGlobalSection
	GlobalSection(ProjectConfigurationPlatforms) = postSolution
		{8201827E-D23C-33DB-B4F4-2AD464A3B288}.debug|x64.ActiveCfg = debug|x64
		{8201827E-D23C-33DB-B4F4-2AD464A3B288}.debug|x64.Build.0 = debug|x64
		{8201827E-D23C-33DB-B4F4-2AD464A3B288}.checked|x64.ActiveCfg = checked|x64
		{8201827E-D23C-33DB-B4F4-2AD464A3B288}.checked|x64.Build.0 = checked|x64
		{8201827E-D23C-33DB-B4F4-2AD464A3B288}.profile|x64.ActiveCfg = profile|x64
		{8201827E-D23C-33DB-B4F4-2AD464A3B288}.profile|x64.Build.0 = profile|x64
		{8201827E-D23C-33DB-B4F4-2AD464A3B288}.release|x64.ActiveCfg = release|x64
		{8201827E-D23C-33DB-B4F4-2AD464A3B288}.release|x64.Build.0 = release|x64
		{97E24DD6-9434-3D18-A5D7-0CBEC9BA62CC}.debug|x64.ActiveCfg = debug|x64
		{97E24DD6-9434-3D18-A5D7-0CBEC9BA62CC}.debug|x64.Build.0 = debug|x64
		{97E24DD6-9434-3D18-A5D7-0CBEC9BA62CC}.checked|x64.ActiveCfg = checked|x64
		{97E24DD6-9434-3D18-A5D7-0CBEC9BA62CC}.checked|x64.Build.0 = checked|x64
		{97E24DD6-9434-3D18-A5D7-0CBEC9BA62CC}.profile|x64.ActiveCfg = profile|x64
		{97E24DD6-9434-3D18-A5D7-0CBEC9BA62CC}.profile|x64.Build.0 = profile|x64
		{97E24DD6-9434-3D18-A5D7-0CBEC9BA62CC}.release|x64.ActiveCfg = release|x64
		{97E24DD6-9434-3D18-A5D7-0CBEC9BA62CC}.release|x64.Build.0 = release|x64
		{4D61682F-C8A8-3A5A-8DED-87915B8B8E0E}.debug|x64.ActiveCfg = debug|x64
		{4D61682F-C8A8-3A5A-8DED-87915B8B8E0E}.checked|x64.ActiveCfg = checked|x64
		{4D61682F-C8A8-3A5A-8DED-87915B8B8E0E}.profile|x64.ActiveCfg = profile|x64
		{4D61682F-C8A8-3A5A-8DED-87915B8B8E0E}.release|x64.ActiveCfg = release|x64
		{361EC7F5-6BEF-32EB-AEDE-A693440090B6}.debug|x64.ActiveCfg = debug|x64
		{361EC7F5-6BEF-32EB-AEDE-A693440090B6}.debug|x64.Build.0 = debug|x64
		{361EC7F5-6BEF-32EB-AEDE-A693440090B6}.checked|x64.ActiveCfg = checked|x64
		{361EC7F5-6BEF-32EB-AEDE-A693440090B6}.checked|x64.Build.0 = checked|x64
		{361EC7F5-6BEF-32EB-AEDE-A693440090B6}.profile|x64.ActiveCfg = profile|x64
		{361EC7F5-6BEF-32EB-AEDE-A693440090B6}.profile|x64.Build.0 = profile|x64
		{361EC7F5-6BEF-32EB-AEDE-A693440090B6}.release|x64.ActiveCfg = release|x64
		{361EC7F5-6BEF-32EB-AEDE-A693440090B6}.release|x64.Build.0 = release|x64
		{E9AFD77F-7049-3686-8578-92770FE313D9}.debug|x64.ActiveCfg = debug|x64
		{E9AFD77F-7049-3686-8578-92770FE313D9}.debug|x64.Build.0 = debug|x64
		{E9AFD77F-7049-3686-8578-92770FE313D9}.checked|x64.ActiveCfg = checked|x64
		{E9AFD77F-7049-3686-8578-92770FE313D9}.checked|x64.Build.0 = checked|x64
		{E9AFD77F-7049-3686-8578-92770FE313D9}.profile|x64.ActiveCfg = profile|x64
		{E9AFD77F-7049-3686-8578-92770FE313D9}.profile|x64.Build.0 = profile|x64
		{E9AFD77F-7049-3686-8578-92770FE313D9}.release|x64.ActiveCfg = release|x64
		{E9AFD77F-7049-3686-8578-92770FE313D9}.release|x64.Build.0 = release|x64
		{478DF678-210D-3C32-A704-0169B6F89667}.debug|x64.ActiveCfg = debug|x64
		{478DF678-210D-3C32-A704-0169B6F89667}.debug|x64.Build.0 = debug|x64
		{478DF678-210D-3C32-A704-0169B6F89667}.checked|x64.ActiveCfg = checked|x64
		{478DF678-210D-3C32-A704-0169B6F89667}.checked|x64.Build.0 = checked|x64
		{478DF678-210D-3C32-A704-0169B6F89667}.profile|x64.ActiveCfg = profile|x64
		{478DF678-210D-3C32-A704-0169B6F89667}.profile|x64.Build.0 = profile|x64
		{478DF678-210D-3C32-A704-0169B6F89667}.release|x64.ActiveCfg = release|x64
		{478DF678-210D-3C32-A704-0169B6F89667}.release|x64.Build.0 = release|x64
		{9D82DCB7-14BE-3D2F-ADAC-5E521197D3B6}.debug|x64.ActiveCfg = debug|x64
		{9D82DCB7-14BE-3D2F-ADAC-5E521197D3B6}.debug|x64.Build.0 = debug|x64
		{9D82DCB7-14BE-3D2F-ADAC-5E521197D3B6}.checked|x64.ActiveCfg = checked|x64
		{9D82DCB7-14BE-3D2F-ADAC-5E521197D3B6}.checked|x64.Build.0 = checked|x64
		{9D82DCB7-14BE-3D2F-ADAC-5E521197D3B6}.profile|x64.ActiveCfg = profile|x64
		{9D82DCB7-14BE-3D2F-ADAC-5E521197D3B6}.profile|x64.Build.0 = profile|x64
		{9D82DCB7-14BE-3D2F-ADAC-5E521197D3B6}.release|x64.ActiveCfg = release|x64
		{9D82DCB7-14BE-3D2F-ADAC-5E521197D3B6}.release|x64.Build.0 = release|x64
		{149DF25F-1E80-3B4C-B655-397EFC644673}.debug|x64.ActiveCfg = debug|x64
		{149DF25F-1E80-3B4C-B655-397EFC644673}.debug|x64.Build.0 = debug|x64
		{149DF25F-1E80-3B4C-B655-397EFC644673}.checked|x64.ActiveCfg = checked|x64
		{149DF25F-1E80-3B4C-B655-397EFC644673}.checked|x64.Build.0 = checked|x64
		{149DF25F-1E80-3B4C-B655-397EFC644673}.profile|x64.ActiveCfg = profile|x64
		{149DF25F-1E80-3B4C-B655-397EFC644673}.profile|x64.Build.0 = profile|x64
		{149DF25F-1E80-3B4C-B655-397EFC644673}.release|x64.ActiveCfg = release|x64
		{149DF25F-1E80-3B4C-B655-397EFC644673}.release|x64.Build.0 = release|x64
		{10E0E127-D4D2-390D-94C4-A6502FE67F55}.debug|x64.ActiveCfg = debug|x64
		{10E0E127-D4D2-390D-94C4-A6502FE67F55}.debug|x64.Build.0 = debug|x64
		{10E0E127-D4D2-390D-94C4-A6502FE67F55}.checked|x64.ActiveCfg = checked|x64
		{10E0E127-D4D2-390D-94C4-A6502FE67F55}.checked|x64.Build.0 = checked|x64
		{10E0E127-D4D2-390D-94C4-A6502FE67F55}.profile|x64.ActiveCfg = profile|x64
		{10E0E127-D4D2-390D-94C4-A6502FE67F55}.profile|x64.Build.0 = profile|x64
		{10E0E127-D4D2-390D-94C4-A6502FE67F55}.release|x64.ActiveCfg = release|x64
		{10E0E127-D4D2-390D-94C4-A6502FE67F55}.release|x64.Build.0 = release|x64
		{8EAF4B0A-144B-3076-9131-26753841A8C9}.debug|x64.ActiveCfg = debug|x64
		{8EAF4B0A-144B-3076-9131-26753841A8C9}.debug|x64.Build.0 = debug|x64
		{8EAF4B0A-144B-3076-9131-26753841A8C9}.checked|x64.ActiveCfg = checked|x64
		{8EAF4B0A-144B-3076-9131-26753841A8C9}.checked|x64.Build.0 = checked|x64
		{8EAF4B0A-144B-3076-9131-26753841A8C9}.profile|x64.ActiveCfg = profile|x64
		{8EAF4B0A-144B-3076-9131-26753841A8C9}.profile|x64.Build.0 = profile|x64
		{8EAF4B0A-144B-3076-9131-26753841A8C9}.release|x64.ActiveCfg = release|x64
		{8EAF4B0A-144B-3076-9131-26753841A8C9}.release|x64.Build.0 = release|x64
		{2F06D804-2603-340C-9AE2-79CDF08E3F2F}.debug|x64.ActiveCfg = debug|x64
		{2F06D804-2603-340C-9AE2-79CDF08E3F2F}.debug|x64.Build.0 = debug|x64
		{2F06D804-2603-340C-9AE2-79CDF08E3F2F}.checked|x64.ActiveCfg = checked|x64
		{2F06D804-2603-340C-9AE2-79CDF08E3F2F}.checked|x64.Build.0 = checked|x64
		{2F06D804-2603-340C-9AE2-79CDF08E3F2F}.profile|x64.ActiveCfg = profile|x64
		{2F06D804-2603-340C-9AE2-79CDF08E3F2F}.profile|x64.Build.0 = profile|x64
		{2F06D804-2603-340C-9AE2-79CDF08E3F2F}.release|x64.ActiveCfg = release|x64
		{2F06D804-2603-340C-9AE2-79CDF08E3F2F}.release|x64.Build.0 = release|x64
		{E079F69E-A1D4-3930-A8B4-0A3C62E1DBEF}.debug|x64.ActiveCfg = debug|x64
		{E079F69E-A1D4-3930-A8B4-0A3C62E1DBEF}.debug|x64.Build.0 = debug|x64
		{E079F69E-A1D4-3930-A8B4-0A3C62E1DBEF}.checked|x64.ActiveCfg = checked|x64
		{E079F69E-A1D4-3930-A8B4-0A3C62E1DBEF}.checked|x64.Build.0 = checked|x64
		{E079F69E-A1D4-3930-A8B4-0A3C62E1DBEF}.profile|x64.ActiveCfg = profile|x64
		{E079F69E-A1D4-3930-A8B4-0A3C62E1DBEF}.profile|x64.Build.0 = profile|x64
		{E079F69E-A1D4-3930-A8B4-0A3C62E1DBEF}.release|x64.ActiveCfg = release|x64
		{E079F69E-A1D4-3930-A8B4-0A3C62E1DBEF}.release|x64.Build.0 = release|x64
		{6F142B8C-4525-3EB4-AF00-117221B43F47}.debug|x64.ActiveCfg = debug|x64
		{6F142B8C-4525-3EB4-AF00-117221B43F47}.debug|x64.Build.0 = debug|x64
		{6F142B8C-4525-3EB4-AF00-117221B43F47}.checked|x64.ActiveCfg = checked|x64
		{6F142B8C-4525-3EB4-AF00-117221B43F47}.checked|x64.Build.0 = checked|x64
		{6F142B8C-4525-3EB4-AF00-117221B43F47}.profile|x64.ActiveCfg = profile|x64
		{6F142B8C-4525-3EB4-AF00-117221B43F47}.profile|x64.Build.0 = profile|x64
		{6F142B8C-4525-3EB4-AF00-117221B43F47}.release|x64.ActiveCfg = release|x64
		{6F142B8C-4525-3EB4-AF00-117221B43F47}.release|x64.Build.0 = release|x64
		{367FBC5B-9428-3424-B9C8-0FD94119C978}.debug|x64.ActiveCfg = debug|x64
		{367FBC5B-9428-3424-B9C8-0FD94119C978}.debug|x64.Build.0 = debug|x64
		{367FBC5B-9428-3424-B9C8-0FD94119C978}.checked|x64.ActiveCfg = checked|x64
		{367FBC5B-9428-3424-B9C8-0FD94119C978}.checked|x64.Build.0 = checked|x64
		{367FBC5B-9428-3424-B9C8-0FD94119C978}.profile|x64.ActiveCfg = profile|x64
		{367FBC5B-9428-3424-B9C8-0FD94119C978}.profile|x64.Build.0 = profile|x64
		{367FBC5B-9428-3424-B9C8-0FD94119C978}.release|x64.ActiveCfg = release|x64
		{367FBC5B-9428-3424-B9C8-0FD94119C978}.release|x64.Build.0 = release|x64
		{E1A500F0-4374-3714-A5DF-D83766438287}.debug|x64.ActiveCfg = debug|x64
		{E1A500F0-4374-3714-A5DF-D83766438287}.debug|x64.Build.0 = debug|x64
		{E1A500F0-4374-3714-A5DF-D83766438287}.checked|x64.ActiveCfg = checked|x64
		{E1A500F0-4374-3714-A5DF-D83766438287}.checked|x64.Build.0 = checked|x64
		{E1A500F0-4374-3714-A5DF-D83766438287}.profile|x64.ActiveCfg = profile|x64
		{E1A500F0-4374-3714-A5DF-D83766438287}.profile|x64.Build.0 = profile|x64
		{E1A500F0-4374-3714-A5DF-D83766438287}.release|x64.ActiveCfg = release|x64
		{E1A500F0-4374-3714-A5DF-D83766438287}.release|x64.Build.0 = release|x64
		{D1CA3CA2-11FA-3B85-8257-2AB082A77D48}.debug|x64.ActiveCfg = debug|x64
		{D1CA3CA2-11FA-3B85-8257-2AB082A77D48}.debug|x64.Build.0 = debug|x64
		{D1CA3CA2-11FA-3B85-8257-2AB082A77D48}.checked|x64.ActiveCfg = checked|x64
		{D1CA3CA2-11FA-3B85-8257-2AB082A77D48}.checked|x64.Build.0 = checked|x64
		{D1CA3CA2-11FA-3B85-8257-2AB082A77D48}.profile|x64.ActiveCfg = profile|x64
		{D1CA3CA2-11FA-3B85-8257-2AB082A77D48}.profile|x64.Build.0 = profile|x64
		{D1CA3CA2-11FA-3B85-8257-2AB082A77D48}.release|x64.ActiveCfg = release|x64
		{D1CA3CA2-11FA-3B85-8257-2AB082A77D48}.release|x64.Build.0 = release|x64
		{43FA86A3-905C-3EAC-A73B-D690881D45FD}.debug|x64.ActiveCfg = debug|x64
		{43FA86A3-905C-3EAC-A73B-D690881D45FD}.debug|x64.Build.0 = debug|x64
		{43FA86A3-905C-3EAC-A73B-D690881D45FD}.checked|x64.ActiveCfg = checked|x64
		{43FA86A3-905C-3EAC-A73B-D690881D45FD}.checked|x64.Build.0 = checked|x64
		{43FA86A3-905C-3EAC-A73B-D690881D45FD}.profile|x64.ActiveCfg = profile|x64
		{43FA86A3-905C-3EAC-A73B-D690881D45FD}.profile|x64.Build.0 = profile|x64
		{43FA86A3-905C-3EAC-A73B-D690881D45FD}.release|x64.ActiveCfg = release|x64
		{43FA86A3-905C-3EAC-A73B-D690881D45FD}.release|x64.Build.0 = release|x64
		{13407D7A-12B9-3D6D-B7F2-85E0EDF1596C}.debug|x64.ActiveCfg = debug|x64
		{13407D7A-12B9-3D6D-B7F2-85E0EDF1596C}.debug|x64.Build.0 = debug|x64
		{13407D7A-12B9-3D6D-B7F2-85E0EDF1596C}.checked|x64.ActiveCfg = checked|x64
		{13407D7A-12B9-3D6D-B7F2-85E0EDF1596C}.checked|x64.Build.0 = checked|x64
		{13407D7A-12B9-3D6D-B7F2-85E0EDF1596C}.profile|x64.ActiveCfg = profile|x64
		{13407D7A-12B9-3D6D-B7F2-85E0EDF1596C}.profile|x64.Build.0 = profile|x64
		{13407D7A-12B9-3D6D-B7F2-85E0EDF1596C}.release|x64.ActiveCfg = release|x64
		{13407D7A-12B9-3D6D-B7F2-85E0EDF1596C}.release|x64.Build.0 = release|x64
	EndGlobalSection
	GlobalSection(NestedProjects) = preSolution
		{8201827E-D23C-33DB-B4F4-2AD464A3B288} = {57808CF3-7F9A-3DEA-8839-D6D479B67E1F}
		{4D61682F-C8A8-3A5A-8DED-87915B8B8E0E} = {57808CF3-7F9A-3DEA-8839-D6D479B67E1F}
		{13407D7A-12B9-3D6D-B7F2-85E0EDF1596C} = {57808CF3-7F9A-3DEA-8839-D6D479B67E1F}
		{97E24DD6-9434-3D18-A5D7-0CBEC9BA62CC} = {9D1542EF-97FA-34A0-8C8B-EB6B2AA70214}
		{361EC7F5-6BEF-32EB-AEDE-A693440090B6} = {9D1542EF-97FA-34A0-8C8B-EB6B2AA70214}
		{E9AFD77F-7049-3686-8578-92770FE313D9} = {9D1542EF-97FA-34A0-8C8B-EB6B2AA70214}
		{478DF678-210D-3C32-A704-0169B6F89667} = {9D1542EF-97FA-34A0-8C8B-EB6B2AA70214}
		{9D82DCB7-14BE-3D2F-ADAC-5E521197D3B6} = {9D1542EF-97FA-34A0-8C8B-EB6B2AA70214}
		{149DF25F-1E80-3B4C-B655-397EFC644673} = {9D1542EF-97FA-34A0-8C8B-EB6B2AA70214}
		{10E0E127-D4D2-390D-94C4-A6502FE67F55} = {9D1542EF-97FA-34A0-8C8B-EB6B2AA70214}
		{8EAF4B0A-144B-3076-9131-26753841A8C9} = {9D1542EF-97FA-34A0-8C8B-EB6B2AA70214}
		{2F06D804-2603-340C-9AE2-79CDF08E3F2F} = {9D1542EF-97FA-34A0-8C8B-EB6B2AA70214}
		{E079F69E-A1D4-3930-A8B4-0A3C62E1DBEF} = {9D1542EF-97FA-34A0-8C8B-EB6B2AA70214}
		{6F142B8C-4525-3EB4-AF00-117221B43F47} = {9D1542EF-97FA-34A0-8C8B-EB6B2AA70214}
		{367FBC5B-9428-3424-B9C8-0FD94119C978} = {9D1542EF-97FA-34A0-8C8B-EB6B2AA70214}
		{E1A500F0-4374-3714-A5DF-D83766438287} = {9D1542EF-97FA-34A0-8C8B-EB6B2AA70214}
		{D1CA3CA2-11FA-3B85-8257-2AB082A77D48} = {9D1542EF-97FA-34A0-8C8B-EB6B2AA70214}
		{43FA86A3-905C-3EAC-A73B-D690881D45FD} = {9D1542EF-97FA-34A0-8C8B-EB6B2AA70214}
	EndGlobalSection
	GlobalSection(ExtensibilityGlobals) = postSolution
		SolutionGuid = {4C41F04A-A4C8-3337-81CD-5843D096B033}
	EndGlobalSection
	GlobalSection(ExtensibilityAddIns) = postSolution
	EndGlobalSection
EndGlobal
