
Microsoft Visual Studio Solution File, Format Version 12.00
# Visual Studio Version 17
VisualStudioVersion = 17.3.32929.385
MinimumVisualStudioVersion = 10.0.40219.1
Project("{8BC9CEB8-8B4A-11D0-8D11-00A0C91BC942}") = "GameEngineBase", "GameEngineBase\GameEngineBase.vcxproj", "{A6E9BFEE-96EC-4FC9-9219-12202F5126CC}"
EndProject
Project("{8BC9CEB8-8B4A-11D0-8D11-00A0C91BC942}") = "GameEnginePlatform", "GameEnginePlatform\GameEnginePlatform.vcxproj", "{012509BD-0610-46F2-BCEF-076C0828D24F}"
	ProjectSection(ProjectDependencies) = postProject
		{A6E9BFEE-96EC-4FC9-9219-12202F5126CC} = {A6E9BFEE-96EC-4FC9-9219-12202F5126CC}
	EndProjectSection
EndProject
Project("{2150E333-8FDC-42A3-9474-1A3956D46DE8}") = "03. App", "03. App", "{845D7877-6922-486A-829E-B4014D6069F4}"
EndProject
Project("{8BC9CEB8-8B4A-11D0-8D11-00A0C91BC942}") = "App", "App\App.vcxproj", "{BE443224-137F-4607-B7A2-341434A69F06}"
	ProjectSection(ProjectDependencies) = postProject
		{012509BD-0610-46F2-BCEF-076C0828D24F} = {012509BD-0610-46F2-BCEF-076C0828D24F}
		{4FCB06A4-36BC-495F-8A16-1C25998007A2} = {4FCB06A4-36BC-495F-8A16-1C25998007A2}
		{A6E9BFEE-96EC-4FC9-9219-12202F5126CC} = {A6E9BFEE-96EC-4FC9-9219-12202F5126CC}
		{D79B8E17-A0E5-4EE8-91FC-1DAB54DA5625} = {D79B8E17-A0E5-4EE8-91FC-1DAB54DA5625}
	EndProjectSection
EndProject
Project("{8BC9CEB8-8B4A-11D0-8D11-00A0C91BC942}") = "GameEngineCore", "GameEngineCore\GameEngineCore.vcxproj", "{4FCB06A4-36BC-495F-8A16-1C25998007A2}"
	ProjectSection(ProjectDependencies) = postProject
		{012509BD-0610-46F2-BCEF-076C0828D24F} = {012509BD-0610-46F2-BCEF-076C0828D24F}
		{A6E9BFEE-96EC-4FC9-9219-12202F5126CC} = {A6E9BFEE-96EC-4FC9-9219-12202F5126CC}
	EndProjectSection
EndProject
Project("{2150E333-8FDC-42A3-9474-1A3956D46DE8}") = "01. Engine", "01. Engine", "{85EDD8DB-3DB5-42EA-A2BA-6D295E1CB5A8}"
EndProject
Project("{2150E333-8FDC-42A3-9474-1A3956D46DE8}") = "Level0", "Level0", "{27E1C708-99D0-4F05-8874-7084EC4F9B48}"
EndProject
Project("{2150E333-8FDC-42A3-9474-1A3956D46DE8}") = "Level1", "Level1", "{59C82D7E-31D0-454C-8749-B7F0D71B610E}"
EndProject
Project("{8BC9CEB8-8B4A-11D0-8D11-00A0C91BC942}") = "GameEngineContents", "GameEngineContents\GameEngineContents.vcxproj", "{D79B8E17-A0E5-4EE8-91FC-1DAB54DA5625}"
	ProjectSection(ProjectDependencies) = postProject
		{012509BD-0610-46F2-BCEF-076C0828D24F} = {012509BD-0610-46F2-BCEF-076C0828D24F}
		{4FCB06A4-36BC-495F-8A16-1C25998007A2} = {4FCB06A4-36BC-495F-8A16-1C25998007A2}
		{A6E9BFEE-96EC-4FC9-9219-12202F5126CC} = {A6E9BFEE-96EC-4FC9-9219-12202F5126CC}
	EndProjectSection
EndProject
Project("{2150E333-8FDC-42A3-9474-1A3956D46DE8}") = "02. Contents", "02. Contents", "{EFFD8D0D-A10A-4CBF-B748-FE89AB391CB7}"
EndProject
Project("{2150E333-8FDC-42A3-9474-1A3956D46DE8}") = "Shader", "Shader", "{6981530D-A537-4FD4-BD42-F9FBFD6F2F69}"
EndProject
Project("{8BC9CEB8-8B4A-11D0-8D11-00A0C91BC942}") = "Shader", "EngineResources\Shader\Shader.vcxproj", "{E08354D1-C960-4DAB-BAF6-BB531A92010E}"
EndProject
Project("{8BC9CEB8-8B4A-11D0-8D11-00A0C91BC942}") = "ContentsShader", "ContentResources\ContentsShader\ContentsShader.vcxproj", "{69EC00A9-D5E7-4926-AEB3-38E17437856A}"
EndProject
Global
	GlobalSection(SolutionConfigurationPlatforms) = preSolution
		Debug|x64 = Debug|x64
		Debug|x86 = Debug|x86
		Release|x64 = Release|x64
		Release|x86 = Release|x86
	EndGlobalSection
	GlobalSection(ProjectConfigurationPlatforms) = postSolution
		{A6E9BFEE-96EC-4FC9-9219-12202F5126CC}.Debug|x64.ActiveCfg = Debug|x64
		{A6E9BFEE-96EC-4FC9-9219-12202F5126CC}.Debug|x64.Build.0 = Debug|x64
		{A6E9BFEE-96EC-4FC9-9219-12202F5126CC}.Debug|x86.ActiveCfg = Debug|Win32
		{A6E9BFEE-96EC-4FC9-9219-12202F5126CC}.Debug|x86.Build.0 = Debug|Win32
		{A6E9BFEE-96EC-4FC9-9219-12202F5126CC}.Release|x64.ActiveCfg = Release|x64
		{A6E9BFEE-96EC-4FC9-9219-12202F5126CC}.Release|x64.Build.0 = Release|x64
		{A6E9BFEE-96EC-4FC9-9219-12202F5126CC}.Release|x86.ActiveCfg = Release|Win32
		{A6E9BFEE-96EC-4FC9-9219-12202F5126CC}.Release|x86.Build.0 = Release|Win32
		{012509BD-0610-46F2-BCEF-076C0828D24F}.Debug|x64.ActiveCfg = Debug|x64
		{012509BD-0610-46F2-BCEF-076C0828D24F}.Debug|x64.Build.0 = Debug|x64
		{012509BD-0610-46F2-BCEF-076C0828D24F}.Debug|x86.ActiveCfg = Debug|Win32
		{012509BD-0610-46F2-BCEF-076C0828D24F}.Debug|x86.Build.0 = Debug|Win32
		{012509BD-0610-46F2-BCEF-076C0828D24F}.Release|x64.ActiveCfg = Release|x64
		{012509BD-0610-46F2-BCEF-076C0828D24F}.Release|x64.Build.0 = Release|x64
		{012509BD-0610-46F2-BCEF-076C0828D24F}.Release|x86.ActiveCfg = Release|Win32
		{012509BD-0610-46F2-BCEF-076C0828D24F}.Release|x86.Build.0 = Release|Win32
		{BE443224-137F-4607-B7A2-341434A69F06}.Debug|x64.ActiveCfg = Debug|x64
		{BE443224-137F-4607-B7A2-341434A69F06}.Debug|x64.Build.0 = Debug|x64
		{BE443224-137F-4607-B7A2-341434A69F06}.Debug|x86.ActiveCfg = Debug|Win32
		{BE443224-137F-4607-B7A2-341434A69F06}.Debug|x86.Build.0 = Debug|Win32
		{BE443224-137F-4607-B7A2-341434A69F06}.Release|x64.ActiveCfg = Release|x64
		{BE443224-137F-4607-B7A2-341434A69F06}.Release|x64.Build.0 = Release|x64
		{BE443224-137F-4607-B7A2-341434A69F06}.Release|x86.ActiveCfg = Release|Win32
		{BE443224-137F-4607-B7A2-341434A69F06}.Release|x86.Build.0 = Release|Win32
		{4FCB06A4-36BC-495F-8A16-1C25998007A2}.Debug|x64.ActiveCfg = Debug|x64
		{4FCB06A4-36BC-495F-8A16-1C25998007A2}.Debug|x64.Build.0 = Debug|x64
		{4FCB06A4-36BC-495F-8A16-1C25998007A2}.Debug|x86.ActiveCfg = Debug|Win32
		{4FCB06A4-36BC-495F-8A16-1C25998007A2}.Debug|x86.Build.0 = Debug|Win32
		{4FCB06A4-36BC-495F-8A16-1C25998007A2}.Release|x64.ActiveCfg = Release|x64
		{4FCB06A4-36BC-495F-8A16-1C25998007A2}.Release|x64.Build.0 = Release|x64
		{4FCB06A4-36BC-495F-8A16-1C25998007A2}.Release|x86.ActiveCfg = Release|Win32
		{4FCB06A4-36BC-495F-8A16-1C25998007A2}.Release|x86.Build.0 = Release|Win32
		{D79B8E17-A0E5-4EE8-91FC-1DAB54DA5625}.Debug|x64.ActiveCfg = Debug|x64
		{D79B8E17-A0E5-4EE8-91FC-1DAB54DA5625}.Debug|x64.Build.0 = Debug|x64
		{D79B8E17-A0E5-4EE8-91FC-1DAB54DA5625}.Debug|x86.ActiveCfg = Debug|Win32
		{D79B8E17-A0E5-4EE8-91FC-1DAB54DA5625}.Debug|x86.Build.0 = Debug|Win32
		{D79B8E17-A0E5-4EE8-91FC-1DAB54DA5625}.Release|x64.ActiveCfg = Release|x64
		{D79B8E17-A0E5-4EE8-91FC-1DAB54DA5625}.Release|x64.Build.0 = Release|x64
		{D79B8E17-A0E5-4EE8-91FC-1DAB54DA5625}.Release|x86.ActiveCfg = Release|Win32
		{D79B8E17-A0E5-4EE8-91FC-1DAB54DA5625}.Release|x86.Build.0 = Release|Win32
		{E08354D1-C960-4DAB-BAF6-BB531A92010E}.Debug|x64.ActiveCfg = Debug|x64
		{E08354D1-C960-4DAB-BAF6-BB531A92010E}.Debug|x86.ActiveCfg = Debug|Win32
		{E08354D1-C960-4DAB-BAF6-BB531A92010E}.Debug|x86.Build.0 = Debug|Win32
		{E08354D1-C960-4DAB-BAF6-BB531A92010E}.Release|x64.ActiveCfg = Release|x64
		{E08354D1-C960-4DAB-BAF6-BB531A92010E}.Release|x64.Build.0 = Release|x64
		{E08354D1-C960-4DAB-BAF6-BB531A92010E}.Release|x86.ActiveCfg = Release|Win32
		{E08354D1-C960-4DAB-BAF6-BB531A92010E}.Release|x86.Build.0 = Release|Win32
		{69EC00A9-D5E7-4926-AEB3-38E17437856A}.Debug|x64.ActiveCfg = Debug|x64
		{69EC00A9-D5E7-4926-AEB3-38E17437856A}.Debug|x64.Build.0 = Debug|x64
		{69EC00A9-D5E7-4926-AEB3-38E17437856A}.Debug|x86.ActiveCfg = Debug|Win32
		{69EC00A9-D5E7-4926-AEB3-38E17437856A}.Debug|x86.Build.0 = Debug|Win32
		{69EC00A9-D5E7-4926-AEB3-38E17437856A}.Release|x64.ActiveCfg = Release|x64
		{69EC00A9-D5E7-4926-AEB3-38E17437856A}.Release|x64.Build.0 = Release|x64
		{69EC00A9-D5E7-4926-AEB3-38E17437856A}.Release|x86.ActiveCfg = Release|Win32
		{69EC00A9-D5E7-4926-AEB3-38E17437856A}.Release|x86.Build.0 = Release|Win32
	EndGlobalSection
	GlobalSection(SolutionProperties) = preSolution
		HideSolutionNode = FALSE
	EndGlobalSection
	GlobalSection(NestedProjects) = preSolution
		{A6E9BFEE-96EC-4FC9-9219-12202F5126CC} = {27E1C708-99D0-4F05-8874-7084EC4F9B48}
		{012509BD-0610-46F2-BCEF-076C0828D24F} = {27E1C708-99D0-4F05-8874-7084EC4F9B48}
		{BE443224-137F-4607-B7A2-341434A69F06} = {845D7877-6922-486A-829E-B4014D6069F4}
		{4FCB06A4-36BC-495F-8A16-1C25998007A2} = {59C82D7E-31D0-454C-8749-B7F0D71B610E}
		{27E1C708-99D0-4F05-8874-7084EC4F9B48} = {85EDD8DB-3DB5-42EA-A2BA-6D295E1CB5A8}
		{59C82D7E-31D0-454C-8749-B7F0D71B610E} = {85EDD8DB-3DB5-42EA-A2BA-6D295E1CB5A8}
		{D79B8E17-A0E5-4EE8-91FC-1DAB54DA5625} = {EFFD8D0D-A10A-4CBF-B748-FE89AB391CB7}
		{6981530D-A537-4FD4-BD42-F9FBFD6F2F69} = {85EDD8DB-3DB5-42EA-A2BA-6D295E1CB5A8}
		{E08354D1-C960-4DAB-BAF6-BB531A92010E} = {6981530D-A537-4FD4-BD42-F9FBFD6F2F69}
		{69EC00A9-D5E7-4926-AEB3-38E17437856A} = {EFFD8D0D-A10A-4CBF-B748-FE89AB391CB7}
	EndGlobalSection
	GlobalSection(ExtensibilityGlobals) = postSolution
		SolutionGuid = {BFBB1294-C0DB-4912-9144-231791E66E96}
	EndGlobalSection
EndGlobal
