<?xml version="1.0" encoding="utf-8"?>
<Project ToolsVersion="4.0" xmlns="http://schemas.microsoft.com/developer/msbuild/2003">
  <ItemGroup>
    <FxCompile Include="TextureShader.hlsl" />
    <FxCompile Include="MergeShader.hlsl" />
    <FxCompile Include="DebugMeshRender.hlsl" />
    <FxCompile Include="TileMapShader.hlsl" />
    <FxCompile Include="BlurShader.hlsl" />
    <FxCompile Include="MeshTexture.hlsl" />
    <FxCompile Include="MeshAniTexture.hlsl" />
    <FxCompile Include="Animation.fx">
      <Filter>Header</Filter>
    </FxCompile>
    <FxCompile Include="Light.fx">
      <Filter>Header</Filter>
    </FxCompile>
    <FxCompile Include="Transform.fx">
      <Filter>Header</Filter>
    </FxCompile>
    <FxCompile Include="MeshColor.hlsl" />
    <FxCompile Include="RenderBaseValue.fx">
      <Filter>Header</Filter>
    </FxCompile>
    <FxCompile Include="GridShader.hlsl" />
    <FxCompile Include="MeshAniTextureDeferred.hlsl" />
    <FxCompile Include="DeferredCalLight.hlsl" />
    <FxCompile Include="DeferredMerge.hlsl" />
  </ItemGroup>
  <ItemGroup>
    <Filter Include="Header">
      <UniqueIdentifier>{f3c4c468-ddcb-47be-9c45-7abf044cb781}</UniqueIdentifier>
    </Filter>
  </ItemGroup>
</Project>